
Microsoft Visual Studio Solution File, Format Version 12.00
# Visual Studio 15
Project("{FAE04EC0-301F-11D3-BF4B-00C04F79EFBC}") = "Unity.Timeline", "Unity.Timeline.csproj", "{18D73730-ED39-221E-6670-AA59BC7CBD5C}"
EndProject
Project("{FAE04EC0-301F-11D3-BF4B-00C04F79EFBC}") = "Unity.2D.Aseprite.Editor", "Unity.2D.Aseprite.Editor.csproj", "{14104AC5-5837-7269-FF61-5A4F6AB15E4B}"
EndProject
Project("{FAE04EC0-301F-11D3-BF4B-00C04F79EFBC}") = "Unity.VisualScripting.Flow", "Unity.VisualScripting.Flow.csproj", "{9E4600AF-A3AD-D634-3D31-2480CE4EF9E4}"
EndProject
Project("{FAE04EC0-301F-11D3-BF4B-00C04F79EFBC}") = "Unity.Timeline.Editor", "Unity.Timeline.Editor.csproj", "{2E34875F-2E40-16D8-CB16-6DDF10E59318}"
EndProject
Project("{FAE04EC0-301F-11D3-BF4B-00C04F79EFBC}") = "Unity.PlasticSCM.Editor", "Unity.PlasticSCM.Editor.csproj", "{AF6BFE36-8FE6-8DAA-9358-3A09E5F631D6}"
EndProject
Project("{FAE04EC0-301F-11D3-BF4B-00C04F79EFBC}") = "Unity.Mathematics", "Unity.Mathematics.csproj", "{62326E7D-E25B-874C-277B-B90BFD099F8A}"
EndProject
Project("{FAE04EC0-301F-11D3-BF4B-00C04F79EFBC}") = "Unity.2D.Common.Path.Editor", "Unity.2D.Common.Path.Editor.csproj", "{2F3AAEF8-A1B5-87F2-4722-6C43742A5EB7}"
EndProject
Project("{FAE04EC0-301F-11D3-BF4B-00C04F79EFBC}") = "Unity.2D.Psdimporter.Editor", "Unity.2D.Psdimporter.Editor.csproj", "{24E32137-54A5-19F6-1ED1-9673511D1443}"
EndProject
Project("{FAE04EC0-301F-11D3-BF4B-00C04F79EFBC}") = "Unity.2D.IK.Runtime", "Unity.2D.IK.Runtime.csproj", "{7AAEE332-AB56-64AB-BC5F-F57E9FD0CB9B}"
EndProject
Project("{FAE04EC0-301F-11D3-BF4B-00C04F79EFBC}") = "Unity.VisualScripting.Core.Editor", "Unity.VisualScripting.Core.Editor.csproj", "{4C723809-934E-8DBE-568B-8B356F21300B}"
EndProject
Project("{FAE04EC0-301F-11D3-BF4B-00C04F79EFBC}") = "UnityEngine.UI", "UnityEngine.UI.csproj", "{9A7B42A8-26AC-BBB1-FF97-7EFA8ED9B589}"
EndProject
Project("{FAE04EC0-301F-11D3-BF4B-00C04F79EFBC}") = "UnityEditor.TestRunner", "UnityEditor.TestRunner.csproj", "{5CABB807-8092-9A58-F4BA-8D358CCCBB9B}"
EndProject
Project("{FAE04EC0-301F-11D3-BF4B-00C04F79EFBC}") = "Unity.InputSystem", "Unity.InputSystem.csproj", "{0DB44616-86E8-BCCB-B4C9-21E40FC633A0}"
EndProject
Project("{FAE04EC0-301F-11D3-BF4B-00C04F79EFBC}") = "UnityEngine.TestRunner", "UnityEngine.TestRunner.csproj", "{6CC3F88B-09B9-EA84-8CA1-5B7881EF56ED}"
EndProject
Project("{FAE04EC0-301F-11D3-BF4B-00C04F79EFBC}") = "Unity.VisualScripting.Core", "Unity.VisualScripting.Core.csproj", "{F0EAD8AB-129E-A762-E7EE-26F2B96B8369}"
EndProject
Project("{FAE04EC0-301F-11D3-BF4B-00C04F79EFBC}") = "Unity.VisualScripting.Flow.Editor", "Unity.VisualScripting.Flow.Editor.csproj", "{6DD7F661-51C4-BBA8-96F8-82C69830D95A}"
EndProject
Project("{FAE04EC0-301F-11D3-BF4B-00C04F79EFBC}") = "Unity.2D.Tilemap.Editor", "Unity.2D.Tilemap.Editor.csproj", "{8AD06D62-05A9-C1CA-4BC6-3F3A633A9A88}"
EndProject
Project("{FAE04EC0-301F-11D3-BF4B-00C04F79EFBC}") = "Unity.Burst", "Unity.Burst.csproj", "{684989A0-34CC-D579-F5E1-4288DB13B6BD}"
EndProject
Project("{FAE04EC0-301F-11D3-BF4B-00C04F79EFBC}") = "PsdPlugin", "PsdPlugin.csproj", "{F112AE28-9CB7-4311-96F8-DF81CA82301F}"
EndProject
Project("{FAE04EC0-301F-11D3-BF4B-00C04F79EFBC}") = "Unity.Collections", "Unity.Collections.csproj", "{AEADA5EC-8489-AFC6-F9C5-1AEF2137D902}"
EndProject
Project("{FAE04EC0-301F-11D3-BF4B-00C04F79EFBC}") = "Cinemachine", "Cinemachine.csproj", "{F6A44E42-BCB8-0896-D255-369CF0C25B9B}"
EndProject
Project("{FAE04EC0-301F-11D3-BF4B-00C04F79EFBC}") = "Unity.2D.Animation.Editor", "Unity.2D.Animation.Editor.csproj", "{3AFD39C3-7293-F63D-CEB4-65EE11333BFE}"
EndProject
Project("{FAE04EC0-301F-11D3-BF4B-00C04F79EFBC}") = "Unity.2D.SpriteShape.Editor", "Unity.2D.SpriteShape.Editor.csproj", "{43117496-0484-158B-9229-4711981A776F}"
EndProject
Project("{FAE04EC0-301F-11D3-BF4B-00C04F79EFBC}") = "Unity.VisualStudio.Editor", "Unity.VisualStudio.Editor.csproj", "{EEC2B24B-35E3-B1B2-BF51-B2ED2700BA91}"
EndProject
Project("{FAE04EC0-301F-11D3-BF4B-00C04F79EFBC}") = "Assembly-CSharp", "Assembly-CSharp.csproj", "{72CF960C-C13C-7753-1A93-C494FC0F4797}"
EndProject
Project("{FAE04EC0-301F-11D3-BF4B-00C04F79EFBC}") = "Unity.TextMeshPro.Editor", "Unity.TextMeshPro.Editor.csproj", "{4ABA61E9-F59A-4EAE-FC9D-DD08989002E6}"
EndProject
Project("{FAE04EC0-301F-11D3-BF4B-00C04F79EFBC}") = "Unity.Rider.Editor", "Unity.Rider.Editor.csproj", "{C660357C-A123-AD6C-402D-F739FD6229D2}"
EndProject
Project("{FAE04EC0-301F-11D3-BF4B-00C04F79EFBC}") = "Unity.InternalAPIEditorBridge.001", "Unity.InternalAPIEditorBridge.001.csproj", "{C5BFFCCF-E6DD-C7C3-224B-87CEB214679B}"
EndProject
Project("{FAE04EC0-301F-11D3-BF4B-00C04F79EFBC}") = "Unity.2D.SpriteShape.Runtime", "Unity.2D.SpriteShape.Runtime.csproj", "{ABAA2A05-D4C1-6192-FC13-94138BDDDBCC}"
EndProject
Project("{FAE04EC0-301F-11D3-BF4B-00C04F79EFBC}") = "Unity.VisualScripting.State.Editor", "Unity.VisualScripting.State.Editor.csproj", "{90E8867A-98A5-77D9-E8BA-C7462A26CCC6}"
EndProject
Project("{FAE04EC0-301F-11D3-BF4B-00C04F79EFBC}") = "com.unity.cinemachine.editor", "com.unity.cinemachine.editor.csproj", "{8D307A25-80C7-A2CC-2B8A-FAD50C9B8D0B}"
EndProject
Project("{FAE04EC0-301F-11D3-BF4B-00C04F79EFBC}") = "ScriptablePacker", "ScriptablePacker.csproj", "{F4F5CF08-85CE-81FA-A5B6-53FB9CE88CED}"
EndProject
Project("{FAE04EC0-301F-11D3-BF4B-00C04F79EFBC}") = "Unity.Burst.CodeGen", "Unity.Burst.CodeGen.csproj", "{A4306785-B061-F8FC-6542-F14BD63ADDDE}"
EndProject
Project("{FAE04EC0-301F-11D3-BF4B-00C04F79EFBC}") = "Unity.VisualScripting.State", "Unity.VisualScripting.State.csproj", "{B2264D81-5C11-66B0-2377-60CF7004D5CD}"
EndProject
Project("{FAE04EC0-301F-11D3-BF4B-00C04F79EFBC}") = "Unity.2D.Tilemap.Extras.Editor", "Unity.2D.Tilemap.Extras.Editor.csproj", "{7442796A-C486-21C6-7A73-080124C764E6}"
EndProject
Project("{FAE04EC0-301F-11D3-BF4B-00C04F79EFBC}") = "Unity.2D.Animation.Runtime", "Unity.2D.Animation.Runtime.csproj", "{7AA47F38-CA12-8DBA-6F35-13C46C39A5AF}"
EndProject
Project("{FAE04EC0-301F-11D3-BF4B-00C04F79EFBC}") = "UnityEditor.UI", "UnityEditor.UI.csproj", "{033D51B9-3AF4-DD89-0F11-0342B3F33470}"
EndProject
Project("{FAE04EC0-301F-11D3-BF4B-00C04F79EFBC}") = "Unity.TextMeshPro", "Unity.TextMeshPro.csproj", "{86B6DBC3-CDFD-CAF8-CCAF-A32D36629CB8}"
EndProject
Project("{FAE04EC0-301F-11D3-BF4B-00C04F79EFBC}") = "Unity.VisualScripting.SettingsProvider.Editor", "Unity.VisualScripting.SettingsProvider.Editor.csproj", "{831EE017-3BD3-AB28-2FE0-ABCBA9D18BF7}"
EndProject
Project("{FAE04EC0-301F-11D3-BF4B-00C04F79EFBC}") = "Unity.2D.IK.Editor", "Unity.2D.IK.Editor.csproj", "{EC991FE5-D79B-00C9-4EC8-88BEC259C391}"
EndProject
Project("{FAE04EC0-301F-11D3-BF4B-00C04F79EFBC}") = "Unity.InternalAPIEngineBridge.001", "Unity.InternalAPIEngineBridge.001.csproj", "{BB15F963-49EC-26E1-30B1-16629C816FC2}"
EndProject
Project("{FAE04EC0-301F-11D3-BF4B-00C04F79EFBC}") = "Unity.Burst.Editor", "Unity.Burst.Editor.csproj", "{3C1DE545-7E70-0D07-C665-08318E8F8DEB}"
EndProject
Project("{FAE04EC0-301F-11D3-BF4B-00C04F79EFBC}") = "Unity.2D.Aseprite.Common", "Unity.2D.Aseprite.Common.csproj", "{20549C97-763B-A27C-B632-F9455059A6A8}"
EndProject
Project("{FAE04EC0-301F-11D3-BF4B-00C04F79EFBC}") = "Unity.2D.Common.Editor", "Unity.2D.Common.Editor.csproj", "{D4687394-DA0B-D862-FD23-5B32545F5503}"
EndProject
Project("{FAE04EC0-301F-11D3-BF4B-00C04F79EFBC}") = "Unity.2D.PixelPerfect", "Unity.2D.PixelPerfect.csproj", "{01B5936A-FB5D-F063-59B6-6084B13F6D82}"
EndProject
Project("{FAE04EC0-301F-11D3-BF4B-00C04F79EFBC}") = "Unity.2D.PixelPerfect.Editor", "Unity.2D.PixelPerfect.Editor.csproj", "{E551DFF1-4262-9410-B8AC-775281249A3B}"
EndProject
Project("{FAE04EC0-301F-11D3-BF4B-00C04F79EFBC}") = "Unity.2D.Common.Runtime", "Unity.2D.Common.Runtime.csproj", "{6E977DE7-C467-4CB8-5A0E-027B3F366055}"
EndProject
Project("{FAE04EC0-301F-11D3-BF4B-00C04F79EFBC}") = "Unity.2D.Sprite.Editor", "Unity.2D.Sprite.Editor.csproj", "{B840B63B-A7B1-1523-8763-84E11711D5F6}"
EndProject
Project("{FAE04EC0-301F-11D3-BF4B-00C04F79EFBC}") = "Unity.InputSystem.ForUI", "Unity.InputSystem.ForUI.csproj", "{150EBF64-36B2-BD18-593C-5B5DEF135F5C}"
EndProject
Project("{FAE04EC0-301F-11D3-BF4B-00C04F79EFBC}") = "Unity.Mathematics.Editor", "Unity.Mathematics.Editor.csproj", "{6CA97B80-D92F-ECAB-D953-EDF202E78750}"
EndProject
Project("{FAE04EC0-301F-11D3-BF4B-00C04F79EFBC}") = "Unity.2D.Tilemap.Extras", "Unity.2D.Tilemap.Extras.csproj", "{BAF791B1-882A-E7F3-CCCA-8A4CB7B20261}"
EndProject
Project("{FAE04EC0-301F-11D3-BF4B-00C04F79EFBC}") = "Unity.InputSystem.TestFramework", "Unity.InputSystem.TestFramework.csproj", "{E152CCFC-DDDA-C52B-B98A-78CF897B3F0B}"
EndProject
Project("{FAE04EC0-301F-11D3-BF4B-00C04F79EFBC}") = "Unity.InternalAPIEditorBridge.005", "Unity.InternalAPIEditorBridge.005.csproj", "{4A4ED6E8-2DFA-EB37-33D4-7FDBA2BB171C}"
EndProject
Project("{FAE04EC0-301F-11D3-BF4B-00C04F79EFBC}") = "Unity.VisualScripting.Shared.Editor", "Unity.VisualScripting.Shared.Editor.csproj", "{72AABEB9-EEB3-3E08-54A9-05365EA75105}"
EndProject
Project("{FAE04EC0-301F-11D3-BF4B-00C04F79EFBC}") = "Unity.Collections.DocCodeSamples", "Unity.Collections.DocCodeSamples.csproj", "{25426F10-3E29-5371-A334-A411BE6FAE96}"
EndProject
Project("{FAE04EC0-301F-11D3-BF4B-00C04F79EFBC}") = "Unity.Collections.BurstCompatibilityGen", "Unity.Collections.BurstCompatibilityGen.csproj", "{EFEE244E-9332-9B10-624F-AE35F749744E}"
EndProject
Project("{FAE04EC0-301F-11D3-BF4B-00C04F79EFBC}") = "Unity.CollabProxy.Editor", "Unity.CollabProxy.Editor.csproj", "{8D8C59C1-84F0-1A56-9DA1-8F4BE1F07001}"
EndProject
Project("{FAE04EC0-301F-11D3-BF4B-00C04F79EFBC}") = "Unity.Timeline", "Unity.Timeline.Player.csproj", "{E9B54F61-A760-9F2F-CFDB-F84E17327492}"
EndProject
Project("{FAE04EC0-301F-11D3-BF4B-00C04F79EFBC}") = "Unity.VisualScripting.Flow", "Unity.VisualScripting.Flow.Player.csproj", "{B5F31A39-3F68-3543-0453-4970E3E0E3DB}"
EndProject
Project("{FAE04EC0-301F-11D3-BF4B-00C04F79EFBC}") = "Unity.Mathematics", "Unity.Mathematics.Player.csproj", "{7A7E7AFE-B690-769D-83DD-ADB59BA46C79}"
EndProject
Project("{FAE04EC0-301F-11D3-BF4B-00C04F79EFBC}") = "Unity.2D.IK.Runtime", "Unity.2D.IK.Runtime.Player.csproj", "{2C5407AD-7B50-FDBF-6B1F-6DA439C1C203}"
EndProject
Project("{FAE04EC0-301F-11D3-BF4B-00C04F79EFBC}") = "UnityEngine.UI", "UnityEngine.UI.Player.csproj", "{F46547CE-47FA-0009-5728-11A97DF1F8BA}"
EndProject
Project("{FAE04EC0-301F-11D3-BF4B-00C04F79EFBC}") = "Unity.InputSystem", "Unity.InputSystem.Player.csproj", "{6E68C2EF-7406-912A-F227-A5C16BFBBAC4}"
EndProject
Project("{FAE04EC0-301F-11D3-BF4B-00C04F79EFBC}") = "UnityEngine.TestRunner", "UnityEngine.TestRunner.Player.csproj", "{A3AE282C-F20B-F2E4-34A9-A2AA2EA14424}"
EndProject
Project("{FAE04EC0-301F-11D3-BF4B-00C04F79EFBC}") = "Unity.VisualScripting.Core", "Unity.VisualScripting.Core.Player.csproj", "{8CC90402-C751-45B0-ADD8-2C9D46719674}"
EndProject
Project("{FAE04EC0-301F-11D3-BF4B-00C04F79EFBC}") = "Unity.Burst", "Unity.Burst.Player.csproj", "{933EEFB4-68D8-9A6B-7E2D-180E3BBFF693}"
EndProject
Project("{FAE04EC0-301F-11D3-BF4B-00C04F79EFBC}") = "Unity.Collections", "Unity.Collections.Player.csproj", "{37A3F53F-E6E2-2B04-5D05-D1867CDC1E85}"
EndProject
Project("{FAE04EC0-301F-11D3-BF4B-00C04F79EFBC}") = "Cinemachine", "Cinemachine.Player.csproj", "{FE33A8E4-C220-FA14-A715-827BC079CD0F}"
EndProject
Project("{FAE04EC0-301F-11D3-BF4B-00C04F79EFBC}") = "Assembly-CSharp", "Assembly-CSharp.Player.csproj", "{F991AC64-DDDF-BEEB-3CAC-5284C4DAA033}"
EndProject
Project("{FAE04EC0-301F-11D3-BF4B-00C04F79EFBC}") = "Unity.2D.SpriteShape.Runtime", "Unity.2D.SpriteShape.Runtime.Player.csproj", "{AA982335-156B-D7F1-9415-95168495584E}"
EndProject
Project("{FAE04EC0-301F-11D3-BF4B-00C04F79EFBC}") = "Unity.VisualScripting.State", "Unity.VisualScripting.State.Player.csproj", "{0C640CBB-3764-F24C-E193-2BA4649E717E}"
EndProject
Project("{FAE04EC0-301F-11D3-BF4B-00C04F79EFBC}") = "Unity.2D.Animation.Runtime", "Unity.2D.Animation.Runtime.Player.csproj", "{AF3480DB-A1EC-A7C6-A54D-52FF04C6F846}"
EndProject
Project("{FAE04EC0-301F-11D3-BF4B-00C04F79EFBC}") = "Unity.TextMeshPro", "Unity.TextMeshPro.Player.csproj", "{172ABCEB-2901-682B-74E1-C8D5834A9A38}"
EndProject
Project("{FAE04EC0-301F-11D3-BF4B-00C04F79EFBC}") = "Unity.InternalAPIEngineBridge.001", "Unity.InternalAPIEngineBridge.001.Player.csproj", "{D77BEA17-26FD-E43D-C1D5-E209D76FF959}"
EndProject
Project("{FAE04EC0-301F-11D3-BF4B-00C04F79EFBC}") = "Unity.2D.PixelPerfect", "Unity.2D.PixelPerfect.Player.csproj", "{7E34CA79-E300-F2E6-0701-3A6B7BCCF5D0}"
EndProject
Project("{FAE04EC0-301F-11D3-BF4B-00C04F79EFBC}") = "Unity.2D.Common.Runtime", "Unity.2D.Common.Runtime.Player.csproj", "{7BAC4CD9-071C-9ED9-6129-B146840281D7}"
EndProject
Project("{FAE04EC0-301F-11D3-BF4B-00C04F79EFBC}") = "Unity.InputSystem.ForUI", "Unity.InputSystem.ForUI.Player.csproj", "{9FE9A4A4-0618-8E35-6BD0-56B4B9FB502C}"
EndProject
Project("{FAE04EC0-301F-11D3-BF4B-00C04F79EFBC}") = "Unity.2D.Tilemap.Extras", "Unity.2D.Tilemap.Extras.Player.csproj", "{949A2C07-33B5-97D4-41CA-E442E16D86B4}"
EndProject
Project("{FAE04EC0-301F-11D3-BF4B-00C04F79EFBC}") = "Unity.InputSystem.TestFramework", "Unity.InputSystem.TestFramework.Player.csproj", "{903BCE12-CC7B-EEBB-2595-8FE27C5BA6A3}"
EndProject
Global
	GlobalSection(SolutionConfigurationPlatforms) = preSolution
		Debug|Any CPU = Debug|Any CPU
		Release|Any CPU = Release|Any CPU
	EndGlobalSection
	GlobalSection(ProjectConfigurationPlatforms) = postSolution
		{18D73730-ED39-221E-6670-AA59BC7CBD5C}.Debug|Any CPU.ActiveCfg = Debug|Any CPU
		{18D73730-ED39-221E-6670-AA59BC7CBD5C}.Debug|Any CPU.Build.0 = Debug|Any CPU
		{18D73730-ED39-221E-6670-AA59BC7CBD5C}.Release|Any CPU.ActiveCfg = Release|Any CPU
		{18D73730-ED39-221E-6670-AA59BC7CBD5C}.Release|Any CPU.Build.0 = Release|Any CPU
		{14104AC5-5837-7269-FF61-5A4F6AB15E4B}.Debug|Any CPU.ActiveCfg = Debug|Any CPU
		{14104AC5-5837-7269-FF61-5A4F6AB15E4B}.Debug|Any CPU.Build.0 = Debug|Any CPU
		{14104AC5-5837-7269-FF61-5A4F6AB15E4B}.Release|Any CPU.ActiveCfg = Release|Any CPU
		{14104AC5-5837-7269-FF61-5A4F6AB15E4B}.Release|Any CPU.Build.0 = Release|Any CPU
		{9E4600AF-A3AD-D634-3D31-2480CE4EF9E4}.Debug|Any CPU.ActiveCfg = Debug|Any CPU
		{9E4600AF-A3AD-D634-3D31-2480CE4EF9E4}.Debug|Any CPU.Build.0 = Debug|Any CPU
		{9E4600AF-A3AD-D634-3D31-2480CE4EF9E4}.Release|Any CPU.ActiveCfg = Release|Any CPU
		{9E4600AF-A3AD-D634-3D31-2480CE4EF9E4}.Release|Any CPU.Build.0 = Release|Any CPU
		{2E34875F-2E40-16D8-CB16-6DDF10E59318}.Debug|Any CPU.ActiveCfg = Debug|Any CPU
		{2E34875F-2E40-16D8-CB16-6DDF10E59318}.Debug|Any CPU.Build.0 = Debug|Any CPU
		{2E34875F-2E40-16D8-CB16-6DDF10E59318}.Release|Any CPU.ActiveCfg = Release|Any CPU
		{2E34875F-2E40-16D8-CB16-6DDF10E59318}.Release|Any CPU.Build.0 = Release|Any CPU
		{AF6BFE36-8FE6-8DAA-9358-3A09E5F631D6}.Debug|Any CPU.ActiveCfg = Debug|Any CPU
		{AF6BFE36-8FE6-8DAA-9358-3A09E5F631D6}.Debug|Any CPU.Build.0 = Debug|Any CPU
		{AF6BFE36-8FE6-8DAA-9358-3A09E5F631D6}.Release|Any CPU.ActiveCfg = Release|Any CPU
		{AF6BFE36-8FE6-8DAA-9358-3A09E5F631D6}.Release|Any CPU.Build.0 = Release|Any CPU
		{62326E7D-E25B-874C-277B-B90BFD099F8A}.Debug|Any CPU.ActiveCfg = Debug|Any CPU
		{62326E7D-E25B-874C-277B-B90BFD099F8A}.Debug|Any CPU.Build.0 = Debug|Any CPU
		{62326E7D-E25B-874C-277B-B90BFD099F8A}.Release|Any CPU.ActiveCfg = Release|Any CPU
		{62326E7D-E25B-874C-277B-B90BFD099F8A}.Release|Any CPU.Build.0 = Release|Any CPU
		{2F3AAEF8-A1B5-87F2-4722-6C43742A5EB7}.Debug|Any CPU.ActiveCfg = Debug|Any CPU
		{2F3AAEF8-A1B5-87F2-4722-6C43742A5EB7}.Debug|Any CPU.Build.0 = Debug|Any CPU
		{2F3AAEF8-A1B5-87F2-4722-6C43742A5EB7}.Release|Any CPU.ActiveCfg = Release|Any CPU
		{2F3AAEF8-A1B5-87F2-4722-6C43742A5EB7}.Release|Any CPU.Build.0 = Release|Any CPU
		{24E32137-54A5-19F6-1ED1-9673511D1443}.Debug|Any CPU.ActiveCfg = Debug|Any CPU
		{24E32137-54A5-19F6-1ED1-9673511D1443}.Debug|Any CPU.Build.0 = Debug|Any CPU
		{24E32137-54A5-19F6-1ED1-9673511D1443}.Release|Any CPU.ActiveCfg = Release|Any CPU
		{24E32137-54A5-19F6-1ED1-9673511D1443}.Release|Any CPU.Build.0 = Release|Any CPU
		{7AAEE332-AB56-64AB-BC5F-F57E9FD0CB9B}.Debug|Any CPU.ActiveCfg = Debug|Any CPU
		{7AAEE332-AB56-64AB-BC5F-F57E9FD0CB9B}.Debug|Any CPU.Build.0 = Debug|Any CPU
		{7AAEE332-AB56-64AB-BC5F-F57E9FD0CB9B}.Release|Any CPU.ActiveCfg = Release|Any CPU
		{7AAEE332-AB56-64AB-BC5F-F57E9FD0CB9B}.Release|Any CPU.Build.0 = Release|Any CPU
		{4C723809-934E-8DBE-568B-8B356F21300B}.Debug|Any CPU.ActiveCfg = Debug|Any CPU
		{4C723809-934E-8DBE-568B-8B356F21300B}.Debug|Any CPU.Build.0 = Debug|Any CPU
		{4C723809-934E-8DBE-568B-8B356F21300B}.Release|Any CPU.ActiveCfg = Release|Any CPU
		{4C723809-934E-8DBE-568B-8B356F21300B}.Release|Any CPU.Build.0 = Release|Any CPU
		{9A7B42A8-26AC-BBB1-FF97-7EFA8ED9B589}.Debug|Any CPU.ActiveCfg = Debug|Any CPU
		{9A7B42A8-26AC-BBB1-FF97-7EFA8ED9B589}.Debug|Any CPU.Build.0 = Debug|Any CPU
		{9A7B42A8-26AC-BBB1-FF97-7EFA8ED9B589}.Release|Any CPU.ActiveCfg = Release|Any CPU
		{9A7B42A8-26AC-BBB1-FF97-7EFA8ED9B589}.Release|Any CPU.Build.0 = Release|Any CPU
		{5CABB807-8092-9A58-F4BA-8D358CCCBB9B}.Debug|Any CPU.ActiveCfg = Debug|Any CPU
		{5CABB807-8092-9A58-F4BA-8D358CCCBB9B}.Debug|Any CPU.Build.0 = Debug|Any CPU
		{5CABB807-8092-9A58-F4BA-8D358CCCBB9B}.Release|Any CPU.ActiveCfg = Release|Any CPU
		{5CABB807-8092-9A58-F4BA-8D358CCCBB9B}.Release|Any CPU.Build.0 = Release|Any CPU
		{0DB44616-86E8-BCCB-B4C9-21E40FC633A0}.Debug|Any CPU.ActiveCfg = Debug|Any CPU
		{0DB44616-86E8-BCCB-B4C9-21E40FC633A0}.Debug|Any CPU.Build.0 = Debug|Any CPU
		{0DB44616-86E8-BCCB-B4C9-21E40FC633A0}.Release|Any CPU.ActiveCfg = Release|Any CPU
		{0DB44616-86E8-BCCB-B4C9-21E40FC633A0}.Release|Any CPU.Build.0 = Release|Any CPU
		{6CC3F88B-09B9-EA84-8CA1-5B7881EF56ED}.Debug|Any CPU.ActiveCfg = Debug|Any CPU
		{6CC3F88B-09B9-EA84-8CA1-5B7881EF56ED}.Debug|Any CPU.Build.0 = Debug|Any CPU
		{6CC3F88B-09B9-EA84-8CA1-5B7881EF56ED}.Release|Any CPU.ActiveCfg = Release|Any CPU
		{6CC3F88B-09B9-EA84-8CA1-5B7881EF56ED}.Release|Any CPU.Build.0 = Release|Any CPU
		{F0EAD8AB-129E-A762-E7EE-26F2B96B8369}.Debug|Any CPU.ActiveCfg = Debug|Any CPU
		{F0EAD8AB-129E-A762-E7EE-26F2B96B8369}.Debug|Any CPU.Build.0 = Debug|Any CPU
		{F0EAD8AB-129E-A762-E7EE-26F2B96B8369}.Release|Any CPU.ActiveCfg = Release|Any CPU
		{F0EAD8AB-129E-A762-E7EE-26F2B96B8369}.Release|Any CPU.Build.0 = Release|Any CPU
		{6DD7F661-51C4-BBA8-96F8-82C69830D95A}.Debug|Any CPU.ActiveCfg = Debug|Any CPU
		{6DD7F661-51C4-BBA8-96F8-82C69830D95A}.Debug|Any CPU.Build.0 = Debug|Any CPU
		{6DD7F661-51C4-BBA8-96F8-82C69830D95A}.Release|Any CPU.ActiveCfg = Release|Any CPU
		{6DD7F661-51C4-BBA8-96F8-82C69830D95A}.Release|Any CPU.Build.0 = Release|Any CPU
		{8AD06D62-05A9-C1CA-4BC6-3F3A633A9A88}.Debug|Any CPU.ActiveCfg = Debug|Any CPU
		{8AD06D62-05A9-C1CA-4BC6-3F3A633A9A88}.Debug|Any CPU.Build.0 = Debug|Any CPU
		{8AD06D62-05A9-C1CA-4BC6-3F3A633A9A88}.Release|Any CPU.ActiveCfg = Release|Any CPU
		{8AD06D62-05A9-C1CA-4BC6-3F3A633A9A88}.Release|Any CPU.Build.0 = Release|Any CPU
		{684989A0-34CC-D579-F5E1-4288DB13B6BD}.Debug|Any CPU.ActiveCfg = Debug|Any CPU
		{684989A0-34CC-D579-F5E1-4288DB13B6BD}.Debug|Any CPU.Build.0 = Debug|Any CPU
		{684989A0-34CC-D579-F5E1-4288DB13B6BD}.Release|Any CPU.ActiveCfg = Release|Any CPU
		{684989A0-34CC-D579-F5E1-4288DB13B6BD}.Release|Any CPU.Build.0 = Release|Any CPU
		{F112AE28-9CB7-4311-96F8-DF81CA82301F}.Debug|Any CPU.ActiveCfg = Debug|Any CPU
		{F112AE28-9CB7-4311-96F8-DF81CA82301F}.Debug|Any CPU.Build.0 = Debug|Any CPU
		{F112AE28-9CB7-4311-96F8-DF81CA82301F}.Release|Any CPU.ActiveCfg = Release|Any CPU
		{F112AE28-9CB7-4311-96F8-DF81CA82301F}.Release|Any CPU.Build.0 = Release|Any CPU
		{AEADA5EC-8489-AFC6-F9C5-1AEF2137D902}.Debug|Any CPU.ActiveCfg = Debug|Any CPU
		{AEADA5EC-8489-AFC6-F9C5-1AEF2137D902}.Debug|Any CPU.Build.0 = Debug|Any CPU
		{AEADA5EC-8489-AFC6-F9C5-1AEF2137D902}.Release|Any CPU.ActiveCfg = Release|Any CPU
		{AEADA5EC-8489-AFC6-F9C5-1AEF2137D902}.Release|Any CPU.Build.0 = Release|Any CPU
		{F6A44E42-BCB8-0896-D255-369CF0C25B9B}.Debug|Any CPU.ActiveCfg = Debug|Any CPU
		{F6A44E42-BCB8-0896-D255-369CF0C25B9B}.Debug|Any CPU.Build.0 = Debug|Any CPU
		{F6A44E42-BCB8-0896-D255-369CF0C25B9B}.Release|Any CPU.ActiveCfg = Release|Any CPU
		{F6A44E42-BCB8-0896-D255-369CF0C25B9B}.Release|Any CPU.Build.0 = Release|Any CPU
		{3AFD39C3-7293-F63D-CEB4-65EE11333BFE}.Debug|Any CPU.ActiveCfg = Debug|Any CPU
		{3AFD39C3-7293-F63D-CEB4-65EE11333BFE}.Debug|Any CPU.Build.0 = Debug|Any CPU
		{3AFD39C3-7293-F63D-CEB4-65EE11333BFE}.Release|Any CPU.ActiveCfg = Release|Any CPU
		{3AFD39C3-7293-F63D-CEB4-65EE11333BFE}.Release|Any CPU.Build.0 = Release|Any CPU
		{43117496-0484-158B-9229-4711981A776F}.Debug|Any CPU.ActiveCfg = Debug|Any CPU
		{43117496-0484-158B-9229-4711981A776F}.Debug|Any CPU.Build.0 = Debug|Any CPU
		{43117496-0484-158B-9229-4711981A776F}.Release|Any CPU.ActiveCfg = Release|Any CPU
		{43117496-0484-158B-9229-4711981A776F}.Release|Any CPU.Build.0 = Release|Any CPU
		{EEC2B24B-35E3-B1B2-BF51-B2ED2700BA91}.Debug|Any CPU.ActiveCfg = Debug|Any CPU
		{EEC2B24B-35E3-B1B2-BF51-B2ED2700BA91}.Debug|Any CPU.Build.0 = Debug|Any CPU
		{EEC2B24B-35E3-B1B2-BF51-B2ED2700BA91}.Release|Any CPU.ActiveCfg = Release|Any CPU
		{EEC2B24B-35E3-B1B2-BF51-B2ED2700BA91}.Release|Any CPU.Build.0 = Release|Any CPU
		{72CF960C-C13C-7753-1A93-C494FC0F4797}.Debug|Any CPU.ActiveCfg = Debug|Any CPU
		{72CF960C-C13C-7753-1A93-C494FC0F4797}.Debug|Any CPU.Build.0 = Debug|Any CPU
		{72CF960C-C13C-7753-1A93-C494FC0F4797}.Release|Any CPU.ActiveCfg = Release|Any CPU
		{72CF960C-C13C-7753-1A93-C494FC0F4797}.Release|Any CPU.Build.0 = Release|Any CPU
		{4ABA61E9-F59A-4EAE-FC9D-DD08989002E6}.Debug|Any CPU.ActiveCfg = Debug|Any CPU
		{4ABA61E9-F59A-4EAE-FC9D-DD08989002E6}.Debug|Any CPU.Build.0 = Debug|Any CPU
		{4ABA61E9-F59A-4EAE-FC9D-DD08989002E6}.Release|Any CPU.ActiveCfg = Release|Any CPU
		{4ABA61E9-F59A-4EAE-FC9D-DD08989002E6}.Release|Any CPU.Build.0 = Release|Any CPU
		{C660357C-A123-AD6C-402D-F739FD6229D2}.Debug|Any CPU.ActiveCfg = Debug|Any CPU
		{C660357C-A123-AD6C-402D-F739FD6229D2}.Debug|Any CPU.Build.0 = Debug|Any CPU
		{C660357C-A123-AD6C-402D-F739FD6229D2}.Release|Any CPU.ActiveCfg = Release|Any CPU
		{C660357C-A123-AD6C-402D-F739FD6229D2}.Release|Any CPU.Build.0 = Release|Any CPU
		{C5BFFCCF-E6DD-C7C3-224B-87CEB214679B}.Debug|Any CPU.ActiveCfg = Debug|Any CPU
		{C5BFFCCF-E6DD-C7C3-224B-87CEB214679B}.Debug|Any CPU.Build.0 = Debug|Any CPU
		{C5BFFCCF-E6DD-C7C3-224B-87CEB214679B}.Release|Any CPU.ActiveCfg = Release|Any CPU
		{C5BFFCCF-E6DD-C7C3-224B-87CEB214679B}.Release|Any CPU.Build.0 = Release|Any CPU
		{ABAA2A05-D4C1-6192-FC13-94138BDDDBCC}.Debug|Any CPU.ActiveCfg = Debug|Any CPU
		{ABAA2A05-D4C1-6192-FC13-94138BDDDBCC}.Debug|Any CPU.Build.0 = Debug|Any CPU
		{ABAA2A05-D4C1-6192-FC13-94138BDDDBCC}.Release|Any CPU.ActiveCfg = Release|Any CPU
		{ABAA2A05-D4C1-6192-FC13-94138BDDDBCC}.Release|Any CPU.Build.0 = Release|Any CPU
		{90E8867A-98A5-77D9-E8BA-C7462A26CCC6}.Debug|Any CPU.ActiveCfg = Debug|Any CPU
		{90E8867A-98A5-77D9-E8BA-C7462A26CCC6}.Debug|Any CPU.Build.0 = Debug|Any CPU
		{90E8867A-98A5-77D9-E8BA-C7462A26CCC6}.Release|Any CPU.ActiveCfg = Release|Any CPU
		{90E8867A-98A5-77D9-E8BA-C7462A26CCC6}.Release|Any CPU.Build.0 = Release|Any CPU
		{8D307A25-80C7-A2CC-2B8A-FAD50C9B8D0B}.Debug|Any CPU.ActiveCfg = Debug|Any CPU
		{8D307A25-80C7-A2CC-2B8A-FAD50C9B8D0B}.Debug|Any CPU.Build.0 = Debug|Any CPU
		{8D307A25-80C7-A2CC-2B8A-FAD50C9B8D0B}.Release|Any CPU.ActiveCfg = Release|Any CPU
		{8D307A25-80C7-A2CC-2B8A-FAD50C9B8D0B}.Release|Any CPU.Build.0 = Release|Any CPU
		{F4F5CF08-85CE-81FA-A5B6-53FB9CE88CED}.Debug|Any CPU.ActiveCfg = Debug|Any CPU
		{F4F5CF08-85CE-81FA-A5B6-53FB9CE88CED}.Debug|Any CPU.Build.0 = Debug|Any CPU
		{F4F5CF08-85CE-81FA-A5B6-53FB9CE88CED}.Release|Any CPU.ActiveCfg = Release|Any CPU
		{F4F5CF08-85CE-81FA-A5B6-53FB9CE88CED}.Release|Any CPU.Build.0 = Release|Any CPU
		{A4306785-B061-F8FC-6542-F14BD63ADDDE}.Debug|Any CPU.ActiveCfg = Debug|Any CPU
		{A4306785-B061-F8FC-6542-F14BD63ADDDE}.Debug|Any CPU.Build.0 = Debug|Any CPU
		{A4306785-B061-F8FC-6542-F14BD63ADDDE}.Release|Any CPU.ActiveCfg = Release|Any CPU
		{A4306785-B061-F8FC-6542-F14BD63ADDDE}.Release|Any CPU.Build.0 = Release|Any CPU
		{B2264D81-5C11-66B0-2377-60CF7004D5CD}.Debug|Any CPU.ActiveCfg = Debug|Any CPU
		{B2264D81-5C11-66B0-2377-60CF7004D5CD}.Debug|Any CPU.Build.0 = Debug|Any CPU
		{B2264D81-5C11-66B0-2377-60CF7004D5CD}.Release|Any CPU.ActiveCfg = Release|Any CPU
		{B2264D81-5C11-66B0-2377-60CF7004D5CD}.Release|Any CPU.Build.0 = Release|Any CPU
		{7442796A-C486-21C6-7A73-080124C764E6}.Debug|Any CPU.ActiveCfg = Debug|Any CPU
		{7442796A-C486-21C6-7A73-080124C764E6}.Debug|Any CPU.Build.0 = Debug|Any CPU
		{7442796A-C486-21C6-7A73-080124C764E6}.Release|Any CPU.ActiveCfg = Release|Any CPU
		{7442796A-C486-21C6-7A73-080124C764E6}.Release|Any CPU.Build.0 = Release|Any CPU
		{7AA47F38-CA12-8DBA-6F35-13C46C39A5AF}.Debug|Any CPU.ActiveCfg = Debug|Any CPU
		{7AA47F38-CA12-8DBA-6F35-13C46C39A5AF}.Debug|Any CPU.Build.0 = Debug|Any CPU
		{7AA47F38-CA12-8DBA-6F35-13C46C39A5AF}.Release|Any CPU.ActiveCfg = Release|Any CPU
		{7AA47F38-CA12-8DBA-6F35-13C46C39A5AF}.Release|Any CPU.Build.0 = Release|Any CPU
		{033D51B9-3AF4-DD89-0F11-0342B3F33470}.Debug|Any CPU.ActiveCfg = Debug|Any CPU
		{033D51B9-3AF4-DD89-0F11-0342B3F33470}.Debug|Any CPU.Build.0 = Debug|Any CPU
		{033D51B9-3AF4-DD89-0F11-0342B3F33470}.Release|Any CPU.ActiveCfg = Release|Any CPU
		{033D51B9-3AF4-DD89-0F11-0342B3F33470}.Release|Any CPU.Build.0 = Release|Any CPU
		{86B6DBC3-CDFD-CAF8-CCAF-A32D36629CB8}.Debug|Any CPU.ActiveCfg = Debug|Any CPU
		{86B6DBC3-CDFD-CAF8-CCAF-A32D36629CB8}.Debug|Any CPU.Build.0 = Debug|Any CPU
		{86B6DBC3-CDFD-CAF8-CCAF-A32D36629CB8}.Release|Any CPU.ActiveCfg = Release|Any CPU
		{86B6DBC3-CDFD-CAF8-CCAF-A32D36629CB8}.Release|Any CPU.Build.0 = Release|Any CPU
		{831EE017-3BD3-AB28-2FE0-ABCBA9D18BF7}.Debug|Any CPU.ActiveCfg = Debug|Any CPU
		{831EE017-3BD3-AB28-2FE0-ABCBA9D18BF7}.Debug|Any CPU.Build.0 = Debug|Any CPU
		{831EE017-3BD3-AB28-2FE0-ABCBA9D18BF7}.Release|Any CPU.ActiveCfg = Release|Any CPU
		{831EE017-3BD3-AB28-2FE0-ABCBA9D18BF7}.Release|Any CPU.Build.0 = Release|Any CPU
		{EC991FE5-D79B-00C9-4EC8-88BEC259C391}.Debug|Any CPU.ActiveCfg = Debug|Any CPU
		{EC991FE5-D79B-00C9-4EC8-88BEC259C391}.Debug|Any CPU.Build.0 = Debug|Any CPU
		{EC991FE5-D79B-00C9-4EC8-88BEC259C391}.Release|Any CPU.ActiveCfg = Release|Any CPU
		{EC991FE5-D79B-00C9-4EC8-88BEC259C391}.Release|Any CPU.Build.0 = Release|Any CPU
		{BB15F963-49EC-26E1-30B1-16629C816FC2}.Debug|Any CPU.ActiveCfg = Debug|Any CPU
		{BB15F963-49EC-26E1-30B1-16629C816FC2}.Debug|Any CPU.Build.0 = Debug|Any CPU
		{BB15F963-49EC-26E1-30B1-16629C816FC2}.Release|Any CPU.ActiveCfg = Release|Any CPU
		{BB15F963-49EC-26E1-30B1-16629C816FC2}.Release|Any CPU.Build.0 = Release|Any CPU
		{3C1DE545-7E70-0D07-C665-08318E8F8DEB}.Debug|Any CPU.ActiveCfg = Debug|Any CPU
		{3C1DE545-7E70-0D07-C665-08318E8F8DEB}.Debug|Any CPU.Build.0 = Debug|Any CPU
		{3C1DE545-7E70-0D07-C665-08318E8F8DEB}.Release|Any CPU.ActiveCfg = Release|Any CPU
		{3C1DE545-7E70-0D07-C665-08318E8F8DEB}.Release|Any CPU.Build.0 = Release|Any CPU
		{20549C97-763B-A27C-B632-F9455059A6A8}.Debug|Any CPU.ActiveCfg = Debug|Any CPU
		{20549C97-763B-A27C-B632-F9455059A6A8}.Debug|Any CPU.Build.0 = Debug|Any CPU
		{20549C97-763B-A27C-B632-F9455059A6A8}.Release|Any CPU.ActiveCfg = Release|Any CPU
		{20549C97-763B-A27C-B632-F9455059A6A8}.Release|Any CPU.Build.0 = Release|Any CPU
		{D4687394-DA0B-D862-FD23-5B32545F5503}.Debug|Any CPU.ActiveCfg = Debug|Any CPU
		{D4687394-DA0B-D862-FD23-5B32545F5503}.Debug|Any CPU.Build.0 = Debug|Any CPU
		{D4687394-DA0B-D862-FD23-5B32545F5503}.Release|Any CPU.ActiveCfg = Release|Any CPU
		{D4687394-DA0B-D862-FD23-5B32545F5503}.Release|Any CPU.Build.0 = Release|Any CPU
		{01B5936A-FB5D-F063-59B6-6084B13F6D82}.Debug|Any CPU.ActiveCfg = Debug|Any CPU
		{01B5936A-FB5D-F063-59B6-6084B13F6D82}.Debug|Any CPU.Build.0 = Debug|Any CPU
		{01B5936A-FB5D-F063-59B6-6084B13F6D82}.Release|Any CPU.ActiveCfg = Release|Any CPU
		{01B5936A-FB5D-F063-59B6-6084B13F6D82}.Release|Any CPU.Build.0 = Release|Any CPU
		{E551DFF1-4262-9410-B8AC-775281249A3B}.Debug|Any CPU.ActiveCfg = Debug|Any CPU
		{E551DFF1-4262-9410-B8AC-775281249A3B}.Debug|Any CPU.Build.0 = Debug|Any CPU
		{E551DFF1-4262-9410-B8AC-775281249A3B}.Release|Any CPU.ActiveCfg = Release|Any CPU
		{E551DFF1-4262-9410-B8AC-775281249A3B}.Release|Any CPU.Build.0 = Release|Any CPU
		{6E977DE7-C467-4CB8-5A0E-027B3F366055}.Debug|Any CPU.ActiveCfg = Debug|Any CPU
		{6E977DE7-C467-4CB8-5A0E-027B3F366055}.Debug|Any CPU.Build.0 = Debug|Any CPU
		{6E977DE7-C467-4CB8-5A0E-027B3F366055}.Release|Any CPU.ActiveCfg = Release|Any CPU
		{6E977DE7-C467-4CB8-5A0E-027B3F366055}.Release|Any CPU.Build.0 = Release|Any CPU
		{B840B63B-A7B1-1523-8763-84E11711D5F6}.Debug|Any CPU.ActiveCfg = Debug|Any CPU
		{B840B63B-A7B1-1523-8763-84E11711D5F6}.Debug|Any CPU.Build.0 = Debug|Any CPU
		{B840B63B-A7B1-1523-8763-84E11711D5F6}.Release|Any CPU.ActiveCfg = Release|Any CPU
		{B840B63B-A7B1-1523-8763-84E11711D5F6}.Release|Any CPU.Build.0 = Release|Any CPU
		{150EBF64-36B2-BD18-593C-5B5DEF135F5C}.Debug|Any CPU.ActiveCfg = Debug|Any CPU
		{150EBF64-36B2-BD18-593C-5B5DEF135F5C}.Debug|Any CPU.Build.0 = Debug|Any CPU
		{150EBF64-36B2-BD18-593C-5B5DEF135F5C}.Release|Any CPU.ActiveCfg = Release|Any CPU
		{150EBF64-36B2-BD18-593C-5B5DEF135F5C}.Release|Any CPU.Build.0 = Release|Any CPU
		{6CA97B80-D92F-ECAB-D953-EDF202E78750}.Debug|Any CPU.ActiveCfg = Debug|Any CPU
		{6CA97B80-D92F-ECAB-D953-EDF202E78750}.Debug|Any CPU.Build.0 = Debug|Any CPU
		{6CA97B80-D92F-ECAB-D953-EDF202E78750}.Release|Any CPU.ActiveCfg = Release|Any CPU
		{6CA97B80-D92F-ECAB-D953-EDF202E78750}.Release|Any CPU.Build.0 = Release|Any CPU
		{BAF791B1-882A-E7F3-CCCA-8A4CB7B20261}.Debug|Any CPU.ActiveCfg = Debug|Any CPU
		{BAF791B1-882A-E7F3-CCCA-8A4CB7B20261}.Debug|Any CPU.Build.0 = Debug|Any CPU
		{BAF791B1-882A-E7F3-CCCA-8A4CB7B20261}.Release|Any CPU.ActiveCfg = Release|Any CPU
		{BAF791B1-882A-E7F3-CCCA-8A4CB7B20261}.Release|Any CPU.Build.0 = Release|Any CPU
		{E152CCFC-DDDA-C52B-B98A-78CF897B3F0B}.Debug|Any CPU.ActiveCfg = Debug|Any CPU
		{E152CCFC-DDDA-C52B-B98A-78CF897B3F0B}.Debug|Any CPU.Build.0 = Debug|Any CPU
		{E152CCFC-DDDA-C52B-B98A-78CF897B3F0B}.Release|Any CPU.ActiveCfg = Release|Any CPU
		{E152CCFC-DDDA-C52B-B98A-78CF897B3F0B}.Release|Any CPU.Build.0 = Release|Any CPU
		{4A4ED6E8-2DFA-EB37-33D4-7FDBA2BB171C}.Debug|Any CPU.ActiveCfg = Debug|Any CPU
		{4A4ED6E8-2DFA-EB37-33D4-7FDBA2BB171C}.Debug|Any CPU.Build.0 = Debug|Any CPU
		{4A4ED6E8-2DFA-EB37-33D4-7FDBA2BB171C}.Release|Any CPU.ActiveCfg = Release|Any CPU
		{4A4ED6E8-2DFA-EB37-33D4-7FDBA2BB171C}.Release|Any CPU.Build.0 = Release|Any CPU
		{72AABEB9-EEB3-3E08-54A9-05365EA75105}.Debug|Any CPU.ActiveCfg = Debug|Any CPU
		{72AABEB9-EEB3-3E08-54A9-05365EA75105}.Debug|Any CPU.Build.0 = Debug|Any CPU
		{72AABEB9-EEB3-3E08-54A9-05365EA75105}.Release|Any CPU.ActiveCfg = Release|Any CPU
		{72AABEB9-EEB3-3E08-54A9-05365EA75105}.Release|Any CPU.Build.0 = Release|Any CPU
		{25426F10-3E29-5371-A334-A411BE6FAE96}.Debug|Any CPU.ActiveCfg = Debug|Any CPU
		{25426F10-3E29-5371-A334-A411BE6FAE96}.Debug|Any CPU.Build.0 = Debug|Any CPU
		{25426F10-3E29-5371-A334-A411BE6FAE96}.Release|Any CPU.ActiveCfg = Release|Any CPU
		{25426F10-3E29-5371-A334-A411BE6FAE96}.Release|Any CPU.Build.0 = Release|Any CPU
		{EFEE244E-9332-9B10-624F-AE35F749744E}.Debug|Any CPU.ActiveCfg = Debug|Any CPU
		{EFEE244E-9332-9B10-624F-AE35F749744E}.Debug|Any CPU.Build.0 = Debug|Any CPU
		{EFEE244E-9332-9B10-624F-AE35F749744E}.Release|Any CPU.ActiveCfg = Release|Any CPU
		{EFEE244E-9332-9B10-624F-AE35F749744E}.Release|Any CPU.Build.0 = Release|Any CPU
		{8D8C59C1-84F0-1A56-9DA1-8F4BE1F07001}.Debug|Any CPU.ActiveCfg = Debug|Any CPU
		{8D8C59C1-84F0-1A56-9DA1-8F4BE1F07001}.Debug|Any CPU.Build.0 = Debug|Any CPU
		{8D8C59C1-84F0-1A56-9DA1-8F4BE1F07001}.Release|Any CPU.ActiveCfg = Release|Any CPU
		{8D8C59C1-84F0-1A56-9DA1-8F4BE1F07001}.Release|Any CPU.Build.0 = Release|Any CPU
		{E9B54F61-A760-9F2F-CFDB-F84E17327492}.Debug|Any CPU.ActiveCfg = Debug|Any CPU
		{E9B54F61-A760-9F2F-CFDB-F84E17327492}.Debug|Any CPU.Build.0 = Debug|Any CPU
		{E9B54F61-A760-9F2F-CFDB-F84E17327492}.Release|Any CPU.ActiveCfg = Release|Any CPU
		{E9B54F61-A760-9F2F-CFDB-F84E17327492}.Release|Any CPU.Build.0 = Release|Any CPU
		{B5F31A39-3F68-3543-0453-4970E3E0E3DB}.Debug|Any CPU.ActiveCfg = Debug|Any CPU
		{B5F31A39-3F68-3543-0453-4970E3E0E3DB}.Debug|Any CPU.Build.0 = Debug|Any CPU
		{B5F31A39-3F68-3543-0453-4970E3E0E3DB}.Release|Any CPU.ActiveCfg = Release|Any CPU
		{B5F31A39-3F68-3543-0453-4970E3E0E3DB}.Release|Any CPU.Build.0 = Release|Any CPU
		{7A7E7AFE-B690-769D-83DD-ADB59BA46C79}.Debug|Any CPU.ActiveCfg = Debug|Any CPU
		{7A7E7AFE-B690-769D-83DD-ADB59BA46C79}.Debug|Any CPU.Build.0 = Debug|Any CPU
		{7A7E7AFE-B690-769D-83DD-ADB59BA46C79}.Release|Any CPU.ActiveCfg = Release|Any CPU
		{7A7E7AFE-B690-769D-83DD-ADB59BA46C79}.Release|Any CPU.Build.0 = Release|Any CPU
		{2C5407AD-7B50-FDBF-6B1F-6DA439C1C203}.Debug|Any CPU.ActiveCfg = Debug|Any CPU
		{2C5407AD-7B50-FDBF-6B1F-6DA439C1C203}.Debug|Any CPU.Build.0 = Debug|Any CPU
		{2C5407AD-7B50-FDBF-6B1F-6DA439C1C203}.Release|Any CPU.ActiveCfg = Release|Any CPU
		{2C5407AD-7B50-FDBF-6B1F-6DA439C1C203}.Release|Any CPU.Build.0 = Release|Any CPU
		{F46547CE-47FA-0009-5728-11A97DF1F8BA}.Debug|Any CPU.ActiveCfg = Debug|Any CPU
		{F46547CE-47FA-0009-5728-11A97DF1F8BA}.Debug|Any CPU.Build.0 = Debug|Any CPU
		{F46547CE-47FA-0009-5728-11A97DF1F8BA}.Release|Any CPU.ActiveCfg = Release|Any CPU
		{F46547CE-47FA-0009-5728-11A97DF1F8BA}.Release|Any CPU.Build.0 = Release|Any CPU
		{6E68C2EF-7406-912A-F227-A5C16BFBBAC4}.Debug|Any CPU.ActiveCfg = Debug|Any CPU
		{6E68C2EF-7406-912A-F227-A5C16BFBBAC4}.Debug|Any CPU.Build.0 = Debug|Any CPU
		{6E68C2EF-7406-912A-F227-A5C16BFBBAC4}.Release|Any CPU.ActiveCfg = Release|Any CPU
		{6E68C2EF-7406-912A-F227-A5C16BFBBAC4}.Release|Any CPU.Build.0 = Release|Any CPU
		{A3AE282C-F20B-F2E4-34A9-A2AA2EA14424}.Debug|Any CPU.ActiveCfg = Debug|Any CPU
		{A3AE282C-F20B-F2E4-34A9-A2AA2EA14424}.Debug|Any CPU.Build.0 = Debug|Any CPU
		{A3AE282C-F20B-F2E4-34A9-A2AA2EA14424}.Release|Any CPU.ActiveCfg = Release|Any CPU
		{A3AE282C-F20B-F2E4-34A9-A2AA2EA14424}.Release|Any CPU.Build.0 = Release|Any CPU
		{8CC90402-C751-45B0-ADD8-2C9D46719674}.Debug|Any CPU.ActiveCfg = Debug|Any CPU
		{8CC90402-C751-45B0-ADD8-2C9D46719674}.Debug|Any CPU.Build.0 = Debug|Any CPU
		{8CC90402-C751-45B0-ADD8-2C9D46719674}.Release|Any CPU.ActiveCfg = Release|Any CPU
		{8CC90402-C751-45B0-ADD8-2C9D46719674}.Release|Any CPU.Build.0 = Release|Any CPU
		{933EEFB4-68D8-9A6B-7E2D-180E3BBFF693}.Debug|Any CPU.ActiveCfg = Debug|Any CPU
		{933EEFB4-68D8-9A6B-7E2D-180E3BBFF693}.Debug|Any CPU.Build.0 = Debug|Any CPU
		{933EEFB4-68D8-9A6B-7E2D-180E3BBFF693}.Release|Any CPU.ActiveCfg = Release|Any CPU
		{933EEFB4-68D8-9A6B-7E2D-180E3BBFF693}.Release|Any CPU.Build.0 = Release|Any CPU
		{37A3F53F-E6E2-2B04-5D05-D1867CDC1E85}.Debug|Any CPU.ActiveCfg = Debug|Any CPU
		{37A3F53F-E6E2-2B04-5D05-D1867CDC1E85}.Debug|Any CPU.Build.0 = Debug|Any CPU
		{37A3F53F-E6E2-2B04-5D05-D1867CDC1E85}.Release|Any CPU.ActiveCfg = Release|Any CPU
		{37A3F53F-E6E2-2B04-5D05-D1867CDC1E85}.Release|Any CPU.Build.0 = Release|Any CPU
		{FE33A8E4-C220-FA14-A715-827BC079CD0F}.Debug|Any CPU.ActiveCfg = Debug|Any CPU
		{FE33A8E4-C220-FA14-A715-827BC079CD0F}.Debug|Any CPU.Build.0 = Debug|Any CPU
		{FE33A8E4-C220-FA14-A715-827BC079CD0F}.Release|Any CPU.ActiveCfg = Release|Any CPU
		{FE33A8E4-C220-FA14-A715-827BC079CD0F}.Release|Any CPU.Build.0 = Release|Any CPU
		{F991AC64-DDDF-BEEB-3CAC-5284C4DAA033}.Debug|Any CPU.ActiveCfg = Debug|Any CPU
		{F991AC64-DDDF-BEEB-3CAC-5284C4DAA033}.Debug|Any CPU.Build.0 = Debug|Any CPU
		{F991AC64-DDDF-BEEB-3CAC-5284C4DAA033}.Release|Any CPU.ActiveCfg = Release|Any CPU
		{F991AC64-DDDF-BEEB-3CAC-5284C4DAA033}.Release|Any CPU.Build.0 = Release|Any CPU
		{AA982335-156B-D7F1-9415-95168495584E}.Debug|Any CPU.ActiveCfg = Debug|Any CPU
		{AA982335-156B-D7F1-9415-95168495584E}.Debug|Any CPU.Build.0 = Debug|Any CPU
		{AA982335-156B-D7F1-9415-95168495584E}.Release|Any CPU.ActiveCfg = Release|Any CPU
		{AA982335-156B-D7F1-9415-95168495584E}.Release|Any CPU.Build.0 = Release|Any CPU
		{0C640CBB-3764-F24C-E193-2BA4649E717E}.Debug|Any CPU.ActiveCfg = Debug|Any CPU
		{0C640CBB-3764-F24C-E193-2BA4649E717E}.Debug|Any CPU.Build.0 = Debug|Any CPU
		{0C640CBB-3764-F24C-E193-2BA4649E717E}.Release|Any CPU.ActiveCfg = Release|Any CPU
		{0C640CBB-3764-F24C-E193-2BA4649E717E}.Release|Any CPU.Build.0 = Release|Any CPU
		{AF3480DB-A1EC-A7C6-A54D-52FF04C6F846}.Debug|Any CPU.ActiveCfg = Debug|Any CPU
		{AF3480DB-A1EC-A7C6-A54D-52FF04C6F846}.Debug|Any CPU.Build.0 = Debug|Any CPU
		{AF3480DB-A1EC-A7C6-A54D-52FF04C6F846}.Release|Any CPU.ActiveCfg = Release|Any CPU
		{AF3480DB-A1EC-A7C6-A54D-52FF04C6F846}.Release|Any CPU.Build.0 = Release|Any CPU
		{172ABCEB-2901-682B-74E1-C8D5834A9A38}.Debug|Any CPU.ActiveCfg = Debug|Any CPU
		{172ABCEB-2901-682B-74E1-C8D5834A9A38}.Debug|Any CPU.Build.0 = Debug|Any CPU
		{172ABCEB-2901-682B-74E1-C8D5834A9A38}.Release|Any CPU.ActiveCfg = Release|Any CPU
		{172ABCEB-2901-682B-74E1-C8D5834A9A38}.Release|Any CPU.Build.0 = Release|Any CPU
		{D77BEA17-26FD-E43D-C1D5-E209D76FF959}.Debug|Any CPU.ActiveCfg = Debug|Any CPU
		{D77BEA17-26FD-E43D-C1D5-E209D76FF959}.Debug|Any CPU.Build.0 = Debug|Any CPU
		{D77BEA17-26FD-E43D-C1D5-E209D76FF959}.Release|Any CPU.ActiveCfg = Release|Any CPU
		{D77BEA17-26FD-E43D-C1D5-E209D76FF959}.Release|Any CPU.Build.0 = Release|Any CPU
		{7E34CA79-E300-F2E6-0701-3A6B7BCCF5D0}.Debug|Any CPU.ActiveCfg = Debug|Any CPU
		{7E34CA79-E300-F2E6-0701-3A6B7BCCF5D0}.Debug|Any CPU.Build.0 = Debug|Any CPU
		{7E34CA79-E300-F2E6-0701-3A6B7BCCF5D0}.Release|Any CPU.ActiveCfg = Release|Any CPU
		{7E34CA79-E300-F2E6-0701-3A6B7BCCF5D0}.Release|Any CPU.Build.0 = Release|Any CPU
		{7BAC4CD9-071C-9ED9-6129-B146840281D7}.Debug|Any CPU.ActiveCfg = Debug|Any CPU
		{7BAC4CD9-071C-9ED9-6129-B146840281D7}.Debug|Any CPU.Build.0 = Debug|Any CPU
		{7BAC4CD9-071C-9ED9-6129-B146840281D7}.Release|Any CPU.ActiveCfg = Release|Any CPU
		{7BAC4CD9-071C-9ED9-6129-B146840281D7}.Release|Any CPU.Build.0 = Release|Any CPU
		{9FE9A4A4-0618-8E35-6BD0-56B4B9FB502C}.Debug|Any CPU.ActiveCfg = Debug|Any CPU
		{9FE9A4A4-0618-8E35-6BD0-56B4B9FB502C}.Debug|Any CPU.Build.0 = Debug|Any CPU
		{9FE9A4A4-0618-8E35-6BD0-56B4B9FB502C}.Release|Any CPU.ActiveCfg = Release|Any CPU
		{9FE9A4A4-0618-8E35-6BD0-56B4B9FB502C}.Release|Any CPU.Build.0 = Release|Any CPU
		{949A2C07-33B5-97D4-41CA-E442E16D86B4}.Debug|Any CPU.ActiveCfg = Debug|Any CPU
		{949A2C07-33B5-97D4-41CA-E442E16D86B4}.Debug|Any CPU.Build.0 = Debug|Any CPU
		{949A2C07-33B5-97D4-41CA-E442E16D86B4}.Release|Any CPU.ActiveCfg = Release|Any CPU
		{949A2C07-33B5-97D4-41CA-E442E16D86B4}.Release|Any CPU.Build.0 = Release|Any CPU
		{903BCE12-CC7B-EEBB-2595-8FE27C5BA6A3}.Debug|Any CPU.ActiveCfg = Debug|Any CPU
		{903BCE12-CC7B-EEBB-2595-8FE27C5BA6A3}.Debug|Any CPU.Build.0 = Debug|Any CPU
		{903BCE12-CC7B-EEBB-2595-8FE27C5BA6A3}.Release|Any CPU.ActiveCfg = Release|Any CPU
		{903BCE12-CC7B-EEBB-2595-8FE27C5BA6A3}.Release|Any CPU.Build.0 = Release|Any CPU
	EndGlobalSection
	GlobalSection(SolutionProperties) = preSolution
		HideSolutionNode = FALSE
	EndGlobalSection
EndGlobal
