
Microsoft Visual Studio Solution File, Format Version 12.00
# Visual Studio 15
Project("{FAE04EC0-301F-11D3-BF4B-00C04F79EFBC}") = "Unity.Timeline", "Unity.Timeline.csproj", "{487838F6-AB2D-A7DC-84C8-33AF15E61077}"
EndProject
Project("{FAE04EC0-301F-11D3-BF4B-00C04F79EFBC}") = "Unity.2D.Aseprite.Editor", "Unity.2D.Aseprite.Editor.csproj", "{34B2DB7B-CFD6-0C58-207C-67053CF78AC8}"
EndProject
Project("{FAE04EC0-301F-11D3-BF4B-00C04F79EFBC}") = "Unity.VisualScripting.Flow", "Unity.VisualScripting.Flow.csproj", "{C7CE66BA-5E54-0F51-2934-9D4BD6A9F3B5}"
EndProject
Project("{FAE04EC0-301F-11D3-BF4B-00C04F79EFBC}") = "Unity.Timeline.Editor", "Unity.Timeline.Editor.csproj", "{EAA59DC5-D0EA-A661-BE6F-870952512506}"
EndProject
Project("{FAE04EC0-301F-11D3-BF4B-00C04F79EFBC}") = "Unity.PlasticSCM.Editor", "Unity.PlasticSCM.Editor.csproj", "{7D8E7537-961D-893F-0102-1A384FDFE2D5}"
EndProject
Project("{FAE04EC0-301F-11D3-BF4B-00C04F79EFBC}") = "Unity.Mathematics", "Unity.Mathematics.csproj", "{BD037CE3-A701-2D13-1461-F9B2FF30EC45}"
EndProject
Project("{FAE04EC0-301F-11D3-BF4B-00C04F79EFBC}") = "Unity.2D.Common.Path.Editor", "Unity.2D.Common.Path.Editor.csproj", "{1E7736F2-FE99-64CC-36BD-5BF34BF9A2CD}"
EndProject
Project("{FAE04EC0-301F-11D3-BF4B-00C04F79EFBC}") = "Unity.2D.Psdimporter.Editor", "Unity.2D.Psdimporter.Editor.csproj", "{8CA8174D-73E8-3A40-0FAA-C98670D6B29E}"
EndProject
Project("{FAE04EC0-301F-11D3-BF4B-00C04F79EFBC}") = "Unity.2D.IK.Runtime", "Unity.2D.IK.Runtime.csproj", "{FEFDE3DB-0940-5DE4-7EAE-0B5BB4768C00}"
EndProject
Project("{FAE04EC0-301F-11D3-BF4B-00C04F79EFBC}") = "Unity.VisualScripting.Core.Editor", "Unity.VisualScripting.Core.Editor.csproj", "{CA159980-B351-920F-5F96-7E633A23B1E8}"
EndProject
Project("{FAE04EC0-301F-11D3-BF4B-00C04F79EFBC}") = "UnityEngine.UI", "UnityEngine.UI.csproj", "{2949D51C-DA5C-8781-C127-7846D1254BBF}"
EndProject
Project("{FAE04EC0-301F-11D3-BF4B-00C04F79EFBC}") = "UnityEditor.TestRunner", "UnityEditor.TestRunner.csproj", "{1359EB2A-1609-99E7-DD42-2CD28DF78B52}"
EndProject
Project("{FAE04EC0-301F-11D3-BF4B-00C04F79EFBC}") = "Unity.InputSystem", "Unity.InputSystem.csproj", "{F57F8E44-C7A5-5FED-5ED2-2DB5B5F32FDD}"
EndProject
Project("{FAE04EC0-301F-11D3-BF4B-00C04F79EFBC}") = "UnityEngine.TestRunner", "UnityEngine.TestRunner.csproj", "{16553F39-58D3-68CD-08BA-C90D061133C3}"
EndProject
Project("{FAE04EC0-301F-11D3-BF4B-00C04F79EFBC}") = "Unity.VisualScripting.Core", "Unity.VisualScripting.Core.csproj", "{11BF587A-F29B-E3E1-E60B-838F15A6EB22}"
EndProject
Project("{FAE04EC0-301F-11D3-BF4B-00C04F79EFBC}") = "Unity.VisualScripting.Flow.Editor", "Unity.VisualScripting.Flow.Editor.csproj", "{9CC6B736-166B-E7A8-BA20-E35281CAC7B2}"
EndProject
Project("{FAE04EC0-301F-11D3-BF4B-00C04F79EFBC}") = "Unity.2D.Tilemap.Editor", "Unity.2D.Tilemap.Editor.csproj", "{117BF4D8-A74D-6726-C65A-5EAAE973DE99}"
EndProject
Project("{FAE04EC0-301F-11D3-BF4B-00C04F79EFBC}") = "Unity.Burst", "Unity.Burst.csproj", "{FE858E1B-CA85-B275-0F1F-C14A849F050E}"
EndProject
Project("{FAE04EC0-301F-11D3-BF4B-00C04F79EFBC}") = "PsdPlugin", "PsdPlugin.csproj", "{ADAA4C33-2A60-A295-F749-616FC430073B}"
EndProject
Project("{FAE04EC0-301F-11D3-BF4B-00C04F79EFBC}") = "Unity.Collections", "Unity.Collections.csproj", "{536FDFA4-54ED-8E3A-38DF-409DAC663ACE}"
EndProject
Project("{FAE04EC0-301F-11D3-BF4B-00C04F79EFBC}") = "Cinemachine", "Cinemachine.csproj", "{889ADEF5-239F-92C9-862F-32DA7DC12061}"
EndProject
Project("{FAE04EC0-301F-11D3-BF4B-00C04F79EFBC}") = "Unity.2D.Animation.Editor", "Unity.2D.Animation.Editor.csproj", "{F6C78902-5054-6009-86D3-5CD35C1100FF}"
EndProject
Project("{FAE04EC0-301F-11D3-BF4B-00C04F79EFBC}") = "Unity.2D.SpriteShape.Editor", "Unity.2D.SpriteShape.Editor.csproj", "{B1658474-7645-6176-86C2-097A76635A40}"
EndProject
Project("{FAE04EC0-301F-11D3-BF4B-00C04F79EFBC}") = "Unity.VisualStudio.Editor", "Unity.VisualStudio.Editor.csproj", "{30F4F4BE-4448-654C-10B6-263C0EABCDAB}"
EndProject
Project("{FAE04EC0-301F-11D3-BF4B-00C04F79EFBC}") = "Assembly-CSharp", "Assembly-CSharp.csproj", "{41715B5E-A8A0-58ED-90A1-FE0AD2ED4105}"
EndProject
Project("{FAE04EC0-301F-11D3-BF4B-00C04F79EFBC}") = "Unity.TextMeshPro.Editor", "Unity.TextMeshPro.Editor.csproj", "{D9678B48-90A5-54C8-D383-6B03CC5923D2}"
EndProject
Project("{FAE04EC0-301F-11D3-BF4B-00C04F79EFBC}") = "Unity.Rider.Editor", "Unity.Rider.Editor.csproj", "{2E3DFE04-DD85-E08E-4424-C2E9261CAB46}"
EndProject
Project("{FAE04EC0-301F-11D3-BF4B-00C04F79EFBC}") = "Unity.InternalAPIEditorBridge.001", "Unity.InternalAPIEditorBridge.001.csproj", "{AEA78281-F866-3AA0-CADC-54DD3BB98AA9}"
EndProject
Project("{FAE04EC0-301F-11D3-BF4B-00C04F79EFBC}") = "Unity.2D.SpriteShape.Runtime", "Unity.2D.SpriteShape.Runtime.csproj", "{620B40E9-E56A-4FAA-DB65-845F001F6716}"
EndProject
Project("{FAE04EC0-301F-11D3-BF4B-00C04F79EFBC}") = "Unity.VisualScripting.State.Editor", "Unity.VisualScripting.State.Editor.csproj", "{5190ED1A-4E7B-D266-3BD8-4FF461BA27A5}"
EndProject
Project("{FAE04EC0-301F-11D3-BF4B-00C04F79EFBC}") = "com.unity.cinemachine.editor", "com.unity.cinemachine.editor.csproj", "{B3C7D65E-FAFC-27E0-D99E-29792EDE747C}"
EndProject
Project("{FAE04EC0-301F-11D3-BF4B-00C04F79EFBC}") = "ScriptablePacker", "ScriptablePacker.csproj", "{FA4B0126-43E7-FA83-1353-DF58970D99C9}"
EndProject
Project("{FAE04EC0-301F-11D3-BF4B-00C04F79EFBC}") = "Unity.Burst.CodeGen", "Unity.Burst.CodeGen.csproj", "{12052F3E-DEA6-F9F0-1A39-56A711FBB854}"
EndProject
Project("{FAE04EC0-301F-11D3-BF4B-00C04F79EFBC}") = "Unity.VisualScripting.State", "Unity.VisualScripting.State.csproj", "{6679637D-FC74-2ED7-8548-99686E14ADBA}"
EndProject
Project("{FAE04EC0-301F-11D3-BF4B-00C04F79EFBC}") = "Unity.2D.Tilemap.Extras.Editor", "Unity.2D.Tilemap.Extras.Editor.csproj", "{BA2107D0-C32F-18F7-6989-559593BC6728}"
EndProject
Project("{FAE04EC0-301F-11D3-BF4B-00C04F79EFBC}") = "Unity.2D.Animation.Runtime", "Unity.2D.Animation.Runtime.csproj", "{C8E5402B-0173-0D92-2098-E9F23C45F7B5}"
EndProject
Project("{FAE04EC0-301F-11D3-BF4B-00C04F79EFBC}") = "UnityEditor.UI", "UnityEditor.UI.csproj", "{9FDC32D2-1E18-E9D0-D298-ABC53E448E8B}"
EndProject
Project("{FAE04EC0-301F-11D3-BF4B-00C04F79EFBC}") = "Unity.TextMeshPro", "Unity.TextMeshPro.csproj", "{3D4CAF38-78F6-50FA-68C8-942B8C7D2C5F}"
EndProject
Project("{FAE04EC0-301F-11D3-BF4B-00C04F79EFBC}") = "Unity.VisualScripting.SettingsProvider.Editor", "Unity.VisualScripting.SettingsProvider.Editor.csproj", "{48DD8543-91A2-9EAA-24AC-8C4FB447F02B}"
EndProject
Project("{FAE04EC0-301F-11D3-BF4B-00C04F79EFBC}") = "Unity.2D.IK.Editor", "Unity.2D.IK.Editor.csproj", "{3C73ADEE-884C-8094-A0F1-9192C16B8350}"
EndProject
Project("{FAE04EC0-301F-11D3-BF4B-00C04F79EFBC}") = "Unity.InternalAPIEngineBridge.001", "Unity.InternalAPIEngineBridge.001.csproj", "{859EDBA8-25BE-6E11-A35E-1BA43C45A7F8}"
EndProject
Project("{FAE04EC0-301F-11D3-BF4B-00C04F79EFBC}") = "Unity.Burst.Editor", "Unity.Burst.Editor.csproj", "{6390F766-1B68-C733-1D84-1CBDC1B60069}"
EndProject
Project("{FAE04EC0-301F-11D3-BF4B-00C04F79EFBC}") = "Unity.2D.Aseprite.Common", "Unity.2D.Aseprite.Common.csproj", "{EB7C2929-7D14-20DE-3F7B-CD1D4C986F13}"
EndProject
Project("{FAE04EC0-301F-11D3-BF4B-00C04F79EFBC}") = "Unity.2D.Common.Editor", "Unity.2D.Common.Editor.csproj", "{1661F211-FEF8-E24B-697E-0DA86BC9FF9E}"
EndProject
Project("{FAE04EC0-301F-11D3-BF4B-00C04F79EFBC}") = "Unity.2D.PixelPerfect", "Unity.2D.PixelPerfect.csproj", "{97CC97D8-80C3-AC4A-5FE2-BD71769C42B7}"
EndProject
Project("{FAE04EC0-301F-11D3-BF4B-00C04F79EFBC}") = "Unity.2D.PixelPerfect.Editor", "Unity.2D.PixelPerfect.Editor.csproj", "{7929D110-55DB-6EC6-A076-AB600029DE3A}"
EndProject
Project("{FAE04EC0-301F-11D3-BF4B-00C04F79EFBC}") = "Unity.2D.Common.Runtime", "Unity.2D.Common.Runtime.csproj", "{90DFBBCB-662B-158B-6294-56C6056EDD47}"
EndProject
Project("{FAE04EC0-301F-11D3-BF4B-00C04F79EFBC}") = "Unity.2D.Sprite.Editor", "Unity.2D.Sprite.Editor.csproj", "{DAFBCAA3-F917-EA82-857D-162754E2EF8D}"
EndProject
Project("{FAE04EC0-301F-11D3-BF4B-00C04F79EFBC}") = "Unity.InputSystem.ForUI", "Unity.InputSystem.ForUI.csproj", "{E04781CF-28A1-F2F8-E2F3-CBD79D0C7B54}"
EndProject
Project("{FAE04EC0-301F-11D3-BF4B-00C04F79EFBC}") = "Unity.Mathematics.Editor", "Unity.Mathematics.Editor.csproj", "{320909E7-20AC-D4C4-F42E-A540F068F5FD}"
EndProject
Project("{FAE04EC0-301F-11D3-BF4B-00C04F79EFBC}") = "Unity.2D.Tilemap.Extras", "Unity.2D.Tilemap.Extras.csproj", "{8167CB4C-246D-6081-1E31-5669DA7B9377}"
EndProject
Project("{FAE04EC0-301F-11D3-BF4B-00C04F79EFBC}") = "Unity.InputSystem.TestFramework", "Unity.InputSystem.TestFramework.csproj", "{CE83F90D-E9B6-8188-6EC6-88FA325C7674}"
EndProject
Project("{FAE04EC0-301F-11D3-BF4B-00C04F79EFBC}") = "Unity.InternalAPIEditorBridge.005", "Unity.InternalAPIEditorBridge.005.csproj", "{91364A84-21DF-B373-0A9D-8C72891A58E8}"
EndProject
Project("{FAE04EC0-301F-11D3-BF4B-00C04F79EFBC}") = "Unity.VisualScripting.Shared.Editor", "Unity.VisualScripting.Shared.Editor.csproj", "{6508BE91-494E-CFBE-889F-64DC4AC78CA1}"
EndProject
Project("{FAE04EC0-301F-11D3-BF4B-00C04F79EFBC}") = "Unity.Collections.DocCodeSamples", "Unity.Collections.DocCodeSamples.csproj", "{113C2D6B-8719-9279-6877-66825790DB98}"
EndProject
Project("{FAE04EC0-301F-11D3-BF4B-00C04F79EFBC}") = "Unity.Collections.BurstCompatibilityGen", "Unity.Collections.BurstCompatibilityGen.csproj", "{FFD8B801-F740-5537-3A1C-FD7117323E82}"
EndProject
Project("{FAE04EC0-301F-11D3-BF4B-00C04F79EFBC}") = "Unity.CollabProxy.Editor", "Unity.CollabProxy.Editor.csproj", "{93AFBD16-7E89-D19B-2201-F698F14E7972}"
EndProject
Project("{FAE04EC0-301F-11D3-BF4B-00C04F79EFBC}") = "Unity.Timeline", "Unity.Timeline.Player.csproj", "{67DA39B3-EE77-DA23-D3F2-55762B3E63D4}"
EndProject
Project("{FAE04EC0-301F-11D3-BF4B-00C04F79EFBC}") = "Unity.VisualScripting.Flow", "Unity.VisualScripting.Flow.Player.csproj", "{72774488-5AB2-5CE5-8F50-6CC2E3529BC4}"
EndProject
Project("{FAE04EC0-301F-11D3-BF4B-00C04F79EFBC}") = "Unity.Mathematics", "Unity.Mathematics.Player.csproj", "{1CC25B51-2DF2-E52C-E12E-82F0E147EB4C}"
EndProject
Project("{FAE04EC0-301F-11D3-BF4B-00C04F79EFBC}") = "Unity.2D.IK.Runtime", "Unity.2D.IK.Runtime.Player.csproj", "{75B8DC14-5BD1-5607-3EC0-23DA58084ED1}"
EndProject
Project("{FAE04EC0-301F-11D3-BF4B-00C04F79EFBC}") = "UnityEngine.UI", "UnityEngine.UI.Player.csproj", "{E49B9B29-D977-EA76-0C00-888268423026}"
EndProject
Project("{FAE04EC0-301F-11D3-BF4B-00C04F79EFBC}") = "Unity.InputSystem", "Unity.InputSystem.Player.csproj", "{40AA96A5-A1EF-12DE-DD4B-2BC40C6256DF}"
EndProject
Project("{FAE04EC0-301F-11D3-BF4B-00C04F79EFBC}") = "UnityEngine.TestRunner", "UnityEngine.TestRunner.Player.csproj", "{853B7017-3C39-654D-69CB-DB946A1F148E}"
EndProject
Project("{FAE04EC0-301F-11D3-BF4B-00C04F79EFBC}") = "Unity.VisualScripting.Core", "Unity.VisualScripting.Core.Player.csproj", "{E4E24B17-656B-BB3F-607B-FA4ED2C3B7C3}"
EndProject
Project("{FAE04EC0-301F-11D3-BF4B-00C04F79EFBC}") = "Unity.Burst", "Unity.Burst.Player.csproj", "{85A24FA9-617D-7457-986A-4C718AB508C1}"
EndProject
Project("{FAE04EC0-301F-11D3-BF4B-00C04F79EFBC}") = "Unity.Collections", "Unity.Collections.Player.csproj", "{5A5961B8-0197-0F92-43E8-F9804B7222E4}"
EndProject
Project("{FAE04EC0-301F-11D3-BF4B-00C04F79EFBC}") = "Cinemachine", "Cinemachine.Player.csproj", "{F65F7481-40D3-4A38-A042-D34783FE7AEC}"
EndProject
Project("{FAE04EC0-301F-11D3-BF4B-00C04F79EFBC}") = "Assembly-CSharp", "Assembly-CSharp.Player.csproj", "{F08928DE-1375-DAA3-9EDD-60B6C5504A36}"
EndProject
Project("{FAE04EC0-301F-11D3-BF4B-00C04F79EFBC}") = "Unity.2D.SpriteShape.Runtime", "Unity.2D.SpriteShape.Runtime.Player.csproj", "{C64B9EFF-FE56-F2A3-96DA-DD1FC1A97B48}"
EndProject
Project("{FAE04EC0-301F-11D3-BF4B-00C04F79EFBC}") = "Unity.VisualScripting.State", "Unity.VisualScripting.State.Player.csproj", "{AECC766F-9206-ED7F-E925-E0BF036B4EE7}"
EndProject
Project("{FAE04EC0-301F-11D3-BF4B-00C04F79EFBC}") = "Unity.2D.Animation.Runtime", "Unity.2D.Animation.Runtime.Player.csproj", "{80A58CDA-BD9E-D69F-DF17-E4C29809BD31}"
EndProject
Project("{FAE04EC0-301F-11D3-BF4B-00C04F79EFBC}") = "Unity.TextMeshPro", "Unity.TextMeshPro.Player.csproj", "{54A6AAB0-1F7D-9A57-DB26-E6FCB6BE8213}"
EndProject
Project("{FAE04EC0-301F-11D3-BF4B-00C04F79EFBC}") = "Unity.InternalAPIEngineBridge.001", "Unity.InternalAPIEngineBridge.001.Player.csproj", "{F72780BB-32A9-24B6-DA48-BE4EBC0ADD02}"
EndProject
Project("{FAE04EC0-301F-11D3-BF4B-00C04F79EFBC}") = "Unity.2D.PixelPerfect", "Unity.2D.PixelPerfect.Player.csproj", "{59D08722-1B78-AD12-3415-94EC94AD8E52}"
EndProject
Project("{FAE04EC0-301F-11D3-BF4B-00C04F79EFBC}") = "Unity.2D.Common.Runtime", "Unity.2D.Common.Runtime.Player.csproj", "{E0441C76-0CDE-3158-A3E7-4FEFB1C4F479}"
EndProject
Project("{FAE04EC0-301F-11D3-BF4B-00C04F79EFBC}") = "Unity.InputSystem.ForUI", "Unity.InputSystem.ForUI.Player.csproj", "{26DA99B3-1710-AA22-0150-BCF8E520E4D5}"
EndProject
Project("{FAE04EC0-301F-11D3-BF4B-00C04F79EFBC}") = "Unity.2D.Tilemap.Extras", "Unity.2D.Tilemap.Extras.Player.csproj", "{CFAD7207-4FB8-5C13-33FD-7C53671925BC}"
EndProject
Project("{FAE04EC0-301F-11D3-BF4B-00C04F79EFBC}") = "Unity.InputSystem.TestFramework", "Unity.InputSystem.TestFramework.Player.csproj", "{CB3C4FFC-9527-2CC4-66AD-59BDED0DF41D}"
EndProject
Global
	GlobalSection(SolutionConfigurationPlatforms) = preSolution
		Debug|Any CPU = Debug|Any CPU
		Release|Any CPU = Release|Any CPU
	EndGlobalSection
	GlobalSection(ProjectConfigurationPlatforms) = postSolution
		{487838F6-AB2D-A7DC-84C8-33AF15E61077}.Debug|Any CPU.ActiveCfg = Debug|Any CPU
		{487838F6-AB2D-A7DC-84C8-33AF15E61077}.Debug|Any CPU.Build.0 = Debug|Any CPU
		{487838F6-AB2D-A7DC-84C8-33AF15E61077}.Release|Any CPU.ActiveCfg = Release|Any CPU
		{487838F6-AB2D-A7DC-84C8-33AF15E61077}.Release|Any CPU.Build.0 = Release|Any CPU
		{34B2DB7B-CFD6-0C58-207C-67053CF78AC8}.Debug|Any CPU.ActiveCfg = Debug|Any CPU
		{34B2DB7B-CFD6-0C58-207C-67053CF78AC8}.Debug|Any CPU.Build.0 = Debug|Any CPU
		{34B2DB7B-CFD6-0C58-207C-67053CF78AC8}.Release|Any CPU.ActiveCfg = Release|Any CPU
		{34B2DB7B-CFD6-0C58-207C-67053CF78AC8}.Release|Any CPU.Build.0 = Release|Any CPU
		{C7CE66BA-5E54-0F51-2934-9D4BD6A9F3B5}.Debug|Any CPU.ActiveCfg = Debug|Any CPU
		{C7CE66BA-5E54-0F51-2934-9D4BD6A9F3B5}.Debug|Any CPU.Build.0 = Debug|Any CPU
		{C7CE66BA-5E54-0F51-2934-9D4BD6A9F3B5}.Release|Any CPU.ActiveCfg = Release|Any CPU
		{C7CE66BA-5E54-0F51-2934-9D4BD6A9F3B5}.Release|Any CPU.Build.0 = Release|Any CPU
		{EAA59DC5-D0EA-A661-BE6F-870952512506}.Debug|Any CPU.ActiveCfg = Debug|Any CPU
		{EAA59DC5-D0EA-A661-BE6F-870952512506}.Debug|Any CPU.Build.0 = Debug|Any CPU
		{EAA59DC5-D0EA-A661-BE6F-870952512506}.Release|Any CPU.ActiveCfg = Release|Any CPU
		{EAA59DC5-D0EA-A661-BE6F-870952512506}.Release|Any CPU.Build.0 = Release|Any CPU
		{7D8E7537-961D-893F-0102-1A384FDFE2D5}.Debug|Any CPU.ActiveCfg = Debug|Any CPU
		{7D8E7537-961D-893F-0102-1A384FDFE2D5}.Debug|Any CPU.Build.0 = Debug|Any CPU
		{7D8E7537-961D-893F-0102-1A384FDFE2D5}.Release|Any CPU.ActiveCfg = Release|Any CPU
		{7D8E7537-961D-893F-0102-1A384FDFE2D5}.Release|Any CPU.Build.0 = Release|Any CPU
		{BD037CE3-A701-2D13-1461-F9B2FF30EC45}.Debug|Any CPU.ActiveCfg = Debug|Any CPU
		{BD037CE3-A701-2D13-1461-F9B2FF30EC45}.Debug|Any CPU.Build.0 = Debug|Any CPU
		{BD037CE3-A701-2D13-1461-F9B2FF30EC45}.Release|Any CPU.ActiveCfg = Release|Any CPU
		{BD037CE3-A701-2D13-1461-F9B2FF30EC45}.Release|Any CPU.Build.0 = Release|Any CPU
		{1E7736F2-FE99-64CC-36BD-5BF34BF9A2CD}.Debug|Any CPU.ActiveCfg = Debug|Any CPU
		{1E7736F2-FE99-64CC-36BD-5BF34BF9A2CD}.Debug|Any CPU.Build.0 = Debug|Any CPU
		{1E7736F2-FE99-64CC-36BD-5BF34BF9A2CD}.Release|Any CPU.ActiveCfg = Release|Any CPU
		{1E7736F2-FE99-64CC-36BD-5BF34BF9A2CD}.Release|Any CPU.Build.0 = Release|Any CPU
		{8CA8174D-73E8-3A40-0FAA-C98670D6B29E}.Debug|Any CPU.ActiveCfg = Debug|Any CPU
		{8CA8174D-73E8-3A40-0FAA-C98670D6B29E}.Debug|Any CPU.Build.0 = Debug|Any CPU
		{8CA8174D-73E8-3A40-0FAA-C98670D6B29E}.Release|Any CPU.ActiveCfg = Release|Any CPU
		{8CA8174D-73E8-3A40-0FAA-C98670D6B29E}.Release|Any CPU.Build.0 = Release|Any CPU
		{FEFDE3DB-0940-5DE4-7EAE-0B5BB4768C00}.Debug|Any CPU.ActiveCfg = Debug|Any CPU
		{FEFDE3DB-0940-5DE4-7EAE-0B5BB4768C00}.Debug|Any CPU.Build.0 = Debug|Any CPU
		{FEFDE3DB-0940-5DE4-7EAE-0B5BB4768C00}.Release|Any CPU.ActiveCfg = Release|Any CPU
		{FEFDE3DB-0940-5DE4-7EAE-0B5BB4768C00}.Release|Any CPU.Build.0 = Release|Any CPU
		{CA159980-B351-920F-5F96-7E633A23B1E8}.Debug|Any CPU.ActiveCfg = Debug|Any CPU
		{CA159980-B351-920F-5F96-7E633A23B1E8}.Debug|Any CPU.Build.0 = Debug|Any CPU
		{CA159980-B351-920F-5F96-7E633A23B1E8}.Release|Any CPU.ActiveCfg = Release|Any CPU
		{CA159980-B351-920F-5F96-7E633A23B1E8}.Release|Any CPU.Build.0 = Release|Any CPU
		{2949D51C-DA5C-8781-C127-7846D1254BBF}.Debug|Any CPU.ActiveCfg = Debug|Any CPU
		{2949D51C-DA5C-8781-C127-7846D1254BBF}.Debug|Any CPU.Build.0 = Debug|Any CPU
		{2949D51C-DA5C-8781-C127-7846D1254BBF}.Release|Any CPU.ActiveCfg = Release|Any CPU
		{2949D51C-DA5C-8781-C127-7846D1254BBF}.Release|Any CPU.Build.0 = Release|Any CPU
		{1359EB2A-1609-99E7-DD42-2CD28DF78B52}.Debug|Any CPU.ActiveCfg = Debug|Any CPU
		{1359EB2A-1609-99E7-DD42-2CD28DF78B52}.Debug|Any CPU.Build.0 = Debug|Any CPU
		{1359EB2A-1609-99E7-DD42-2CD28DF78B52}.Release|Any CPU.ActiveCfg = Release|Any CPU
		{1359EB2A-1609-99E7-DD42-2CD28DF78B52}.Release|Any CPU.Build.0 = Release|Any CPU
		{F57F8E44-C7A5-5FED-5ED2-2DB5B5F32FDD}.Debug|Any CPU.ActiveCfg = Debug|Any CPU
		{F57F8E44-C7A5-5FED-5ED2-2DB5B5F32FDD}.Debug|Any CPU.Build.0 = Debug|Any CPU
		{F57F8E44-C7A5-5FED-5ED2-2DB5B5F32FDD}.Release|Any CPU.ActiveCfg = Release|Any CPU
		{F57F8E44-C7A5-5FED-5ED2-2DB5B5F32FDD}.Release|Any CPU.Build.0 = Release|Any CPU
		{16553F39-58D3-68CD-08BA-C90D061133C3}.Debug|Any CPU.ActiveCfg = Debug|Any CPU
		{16553F39-58D3-68CD-08BA-C90D061133C3}.Debug|Any CPU.Build.0 = Debug|Any CPU
		{16553F39-58D3-68CD-08BA-C90D061133C3}.Release|Any CPU.ActiveCfg = Release|Any CPU
		{16553F39-58D3-68CD-08BA-C90D061133C3}.Release|Any CPU.Build.0 = Release|Any CPU
		{11BF587A-F29B-E3E1-E60B-838F15A6EB22}.Debug|Any CPU.ActiveCfg = Debug|Any CPU
		{11BF587A-F29B-E3E1-E60B-838F15A6EB22}.Debug|Any CPU.Build.0 = Debug|Any CPU
		{11BF587A-F29B-E3E1-E60B-838F15A6EB22}.Release|Any CPU.ActiveCfg = Release|Any CPU
		{11BF587A-F29B-E3E1-E60B-838F15A6EB22}.Release|Any CPU.Build.0 = Release|Any CPU
		{9CC6B736-166B-E7A8-BA20-E35281CAC7B2}.Debug|Any CPU.ActiveCfg = Debug|Any CPU
		{9CC6B736-166B-E7A8-BA20-E35281CAC7B2}.Debug|Any CPU.Build.0 = Debug|Any CPU
		{9CC6B736-166B-E7A8-BA20-E35281CAC7B2}.Release|Any CPU.ActiveCfg = Release|Any CPU
		{9CC6B736-166B-E7A8-BA20-E35281CAC7B2}.Release|Any CPU.Build.0 = Release|Any CPU
		{117BF4D8-A74D-6726-C65A-5EAAE973DE99}.Debug|Any CPU.ActiveCfg = Debug|Any CPU
		{117BF4D8-A74D-6726-C65A-5EAAE973DE99}.Debug|Any CPU.Build.0 = Debug|Any CPU
		{117BF4D8-A74D-6726-C65A-5EAAE973DE99}.Release|Any CPU.ActiveCfg = Release|Any CPU
		{117BF4D8-A74D-6726-C65A-5EAAE973DE99}.Release|Any CPU.Build.0 = Release|Any CPU
		{FE858E1B-CA85-B275-0F1F-C14A849F050E}.Debug|Any CPU.ActiveCfg = Debug|Any CPU
		{FE858E1B-CA85-B275-0F1F-C14A849F050E}.Debug|Any CPU.Build.0 = Debug|Any CPU
		{FE858E1B-CA85-B275-0F1F-C14A849F050E}.Release|Any CPU.ActiveCfg = Release|Any CPU
		{FE858E1B-CA85-B275-0F1F-C14A849F050E}.Release|Any CPU.Build.0 = Release|Any CPU
		{ADAA4C33-2A60-A295-F749-616FC430073B}.Debug|Any CPU.ActiveCfg = Debug|Any CPU
		{ADAA4C33-2A60-A295-F749-616FC430073B}.Debug|Any CPU.Build.0 = Debug|Any CPU
		{ADAA4C33-2A60-A295-F749-616FC430073B}.Release|Any CPU.ActiveCfg = Release|Any CPU
		{ADAA4C33-2A60-A295-F749-616FC430073B}.Release|Any CPU.Build.0 = Release|Any CPU
		{536FDFA4-54ED-8E3A-38DF-409DAC663ACE}.Debug|Any CPU.ActiveCfg = Debug|Any CPU
		{536FDFA4-54ED-8E3A-38DF-409DAC663ACE}.Debug|Any CPU.Build.0 = Debug|Any CPU
		{536FDFA4-54ED-8E3A-38DF-409DAC663ACE}.Release|Any CPU.ActiveCfg = Release|Any CPU
		{536FDFA4-54ED-8E3A-38DF-409DAC663ACE}.Release|Any CPU.Build.0 = Release|Any CPU
		{889ADEF5-239F-92C9-862F-32DA7DC12061}.Debug|Any CPU.ActiveCfg = Debug|Any CPU
		{889ADEF5-239F-92C9-862F-32DA7DC12061}.Debug|Any CPU.Build.0 = Debug|Any CPU
		{889ADEF5-239F-92C9-862F-32DA7DC12061}.Release|Any CPU.ActiveCfg = Release|Any CPU
		{889ADEF5-239F-92C9-862F-32DA7DC12061}.Release|Any CPU.Build.0 = Release|Any CPU
		{F6C78902-5054-6009-86D3-5CD35C1100FF}.Debug|Any CPU.ActiveCfg = Debug|Any CPU
		{F6C78902-5054-6009-86D3-5CD35C1100FF}.Debug|Any CPU.Build.0 = Debug|Any CPU
		{F6C78902-5054-6009-86D3-5CD35C1100FF}.Release|Any CPU.ActiveCfg = Release|Any CPU
		{F6C78902-5054-6009-86D3-5CD35C1100FF}.Release|Any CPU.Build.0 = Release|Any CPU
		{B1658474-7645-6176-86C2-097A76635A40}.Debug|Any CPU.ActiveCfg = Debug|Any CPU
		{B1658474-7645-6176-86C2-097A76635A40}.Debug|Any CPU.Build.0 = Debug|Any CPU
		{B1658474-7645-6176-86C2-097A76635A40}.Release|Any CPU.ActiveCfg = Release|Any CPU
		{B1658474-7645-6176-86C2-097A76635A40}.Release|Any CPU.Build.0 = Release|Any CPU
		{30F4F4BE-4448-654C-10B6-263C0EABCDAB}.Debug|Any CPU.ActiveCfg = Debug|Any CPU
		{30F4F4BE-4448-654C-10B6-263C0EABCDAB}.Debug|Any CPU.Build.0 = Debug|Any CPU
		{30F4F4BE-4448-654C-10B6-263C0EABCDAB}.Release|Any CPU.ActiveCfg = Release|Any CPU
		{30F4F4BE-4448-654C-10B6-263C0EABCDAB}.Release|Any CPU.Build.0 = Release|Any CPU
		{41715B5E-A8A0-58ED-90A1-FE0AD2ED4105}.Debug|Any CPU.ActiveCfg = Debug|Any CPU
		{41715B5E-A8A0-58ED-90A1-FE0AD2ED4105}.Debug|Any CPU.Build.0 = Debug|Any CPU
		{41715B5E-A8A0-58ED-90A1-FE0AD2ED4105}.Release|Any CPU.ActiveCfg = Release|Any CPU
		{41715B5E-A8A0-58ED-90A1-FE0AD2ED4105}.Release|Any CPU.Build.0 = Release|Any CPU
		{D9678B48-90A5-54C8-D383-6B03CC5923D2}.Debug|Any CPU.ActiveCfg = Debug|Any CPU
		{D9678B48-90A5-54C8-D383-6B03CC5923D2}.Debug|Any CPU.Build.0 = Debug|Any CPU
		{D9678B48-90A5-54C8-D383-6B03CC5923D2}.Release|Any CPU.ActiveCfg = Release|Any CPU
		{D9678B48-90A5-54C8-D383-6B03CC5923D2}.Release|Any CPU.Build.0 = Release|Any CPU
		{2E3DFE04-DD85-E08E-4424-C2E9261CAB46}.Debug|Any CPU.ActiveCfg = Debug|Any CPU
		{2E3DFE04-DD85-E08E-4424-C2E9261CAB46}.Debug|Any CPU.Build.0 = Debug|Any CPU
		{2E3DFE04-DD85-E08E-4424-C2E9261CAB46}.Release|Any CPU.ActiveCfg = Release|Any CPU
		{2E3DFE04-DD85-E08E-4424-C2E9261CAB46}.Release|Any CPU.Build.0 = Release|Any CPU
		{AEA78281-F866-3AA0-CADC-54DD3BB98AA9}.Debug|Any CPU.ActiveCfg = Debug|Any CPU
		{AEA78281-F866-3AA0-CADC-54DD3BB98AA9}.Debug|Any CPU.Build.0 = Debug|Any CPU
		{AEA78281-F866-3AA0-CADC-54DD3BB98AA9}.Release|Any CPU.ActiveCfg = Release|Any CPU
		{AEA78281-F866-3AA0-CADC-54DD3BB98AA9}.Release|Any CPU.Build.0 = Release|Any CPU
		{620B40E9-E56A-4FAA-DB65-845F001F6716}.Debug|Any CPU.ActiveCfg = Debug|Any CPU
		{620B40E9-E56A-4FAA-DB65-845F001F6716}.Debug|Any CPU.Build.0 = Debug|Any CPU
		{620B40E9-E56A-4FAA-DB65-845F001F6716}.Release|Any CPU.ActiveCfg = Release|Any CPU
		{620B40E9-E56A-4FAA-DB65-845F001F6716}.Release|Any CPU.Build.0 = Release|Any CPU
		{5190ED1A-4E7B-D266-3BD8-4FF461BA27A5}.Debug|Any CPU.ActiveCfg = Debug|Any CPU
		{5190ED1A-4E7B-D266-3BD8-4FF461BA27A5}.Debug|Any CPU.Build.0 = Debug|Any CPU
		{5190ED1A-4E7B-D266-3BD8-4FF461BA27A5}.Release|Any CPU.ActiveCfg = Release|Any CPU
		{5190ED1A-4E7B-D266-3BD8-4FF461BA27A5}.Release|Any CPU.Build.0 = Release|Any CPU
		{B3C7D65E-FAFC-27E0-D99E-29792EDE747C}.Debug|Any CPU.ActiveCfg = Debug|Any CPU
		{B3C7D65E-FAFC-27E0-D99E-29792EDE747C}.Debug|Any CPU.Build.0 = Debug|Any CPU
		{B3C7D65E-FAFC-27E0-D99E-29792EDE747C}.Release|Any CPU.ActiveCfg = Release|Any CPU
		{B3C7D65E-FAFC-27E0-D99E-29792EDE747C}.Release|Any CPU.Build.0 = Release|Any CPU
		{FA4B0126-43E7-FA83-1353-DF58970D99C9}.Debug|Any CPU.ActiveCfg = Debug|Any CPU
		{FA4B0126-43E7-FA83-1353-DF58970D99C9}.Debug|Any CPU.Build.0 = Debug|Any CPU
		{FA4B0126-43E7-FA83-1353-DF58970D99C9}.Release|Any CPU.ActiveCfg = Release|Any CPU
		{FA4B0126-43E7-FA83-1353-DF58970D99C9}.Release|Any CPU.Build.0 = Release|Any CPU
		{12052F3E-DEA6-F9F0-1A39-56A711FBB854}.Debug|Any CPU.ActiveCfg = Debug|Any CPU
		{12052F3E-DEA6-F9F0-1A39-56A711FBB854}.Debug|Any CPU.Build.0 = Debug|Any CPU
		{12052F3E-DEA6-F9F0-1A39-56A711FBB854}.Release|Any CPU.ActiveCfg = Release|Any CPU
		{12052F3E-DEA6-F9F0-1A39-56A711FBB854}.Release|Any CPU.Build.0 = Release|Any CPU
		{6679637D-FC74-2ED7-8548-99686E14ADBA}.Debug|Any CPU.ActiveCfg = Debug|Any CPU
		{6679637D-FC74-2ED7-8548-99686E14ADBA}.Debug|Any CPU.Build.0 = Debug|Any CPU
		{6679637D-FC74-2ED7-8548-99686E14ADBA}.Release|Any CPU.ActiveCfg = Release|Any CPU
		{6679637D-FC74-2ED7-8548-99686E14ADBA}.Release|Any CPU.Build.0 = Release|Any CPU
		{BA2107D0-C32F-18F7-6989-559593BC6728}.Debug|Any CPU.ActiveCfg = Debug|Any CPU
		{BA2107D0-C32F-18F7-6989-559593BC6728}.Debug|Any CPU.Build.0 = Debug|Any CPU
		{BA2107D0-C32F-18F7-6989-559593BC6728}.Release|Any CPU.ActiveCfg = Release|Any CPU
		{BA2107D0-C32F-18F7-6989-559593BC6728}.Release|Any CPU.Build.0 = Release|Any CPU
		{C8E5402B-0173-0D92-2098-E9F23C45F7B5}.Debug|Any CPU.ActiveCfg = Debug|Any CPU
		{C8E5402B-0173-0D92-2098-E9F23C45F7B5}.Debug|Any CPU.Build.0 = Debug|Any CPU
		{C8E5402B-0173-0D92-2098-E9F23C45F7B5}.Release|Any CPU.ActiveCfg = Release|Any CPU
		{C8E5402B-0173-0D92-2098-E9F23C45F7B5}.Release|Any CPU.Build.0 = Release|Any CPU
		{9FDC32D2-1E18-E9D0-D298-ABC53E448E8B}.Debug|Any CPU.ActiveCfg = Debug|Any CPU
		{9FDC32D2-1E18-E9D0-D298-ABC53E448E8B}.Debug|Any CPU.Build.0 = Debug|Any CPU
		{9FDC32D2-1E18-E9D0-D298-ABC53E448E8B}.Release|Any CPU.ActiveCfg = Release|Any CPU
		{9FDC32D2-1E18-E9D0-D298-ABC53E448E8B}.Release|Any CPU.Build.0 = Release|Any CPU
		{3D4CAF38-78F6-50FA-68C8-942B8C7D2C5F}.Debug|Any CPU.ActiveCfg = Debug|Any CPU
		{3D4CAF38-78F6-50FA-68C8-942B8C7D2C5F}.Debug|Any CPU.Build.0 = Debug|Any CPU
		{3D4CAF38-78F6-50FA-68C8-942B8C7D2C5F}.Release|Any CPU.ActiveCfg = Release|Any CPU
		{3D4CAF38-78F6-50FA-68C8-942B8C7D2C5F}.Release|Any CPU.Build.0 = Release|Any CPU
		{48DD8543-91A2-9EAA-24AC-8C4FB447F02B}.Debug|Any CPU.ActiveCfg = Debug|Any CPU
		{48DD8543-91A2-9EAA-24AC-8C4FB447F02B}.Debug|Any CPU.Build.0 = Debug|Any CPU
		{48DD8543-91A2-9EAA-24AC-8C4FB447F02B}.Release|Any CPU.ActiveCfg = Release|Any CPU
		{48DD8543-91A2-9EAA-24AC-8C4FB447F02B}.Release|Any CPU.Build.0 = Release|Any CPU
		{3C73ADEE-884C-8094-A0F1-9192C16B8350}.Debug|Any CPU.ActiveCfg = Debug|Any CPU
		{3C73ADEE-884C-8094-A0F1-9192C16B8350}.Debug|Any CPU.Build.0 = Debug|Any CPU
		{3C73ADEE-884C-8094-A0F1-9192C16B8350}.Release|Any CPU.ActiveCfg = Release|Any CPU
		{3C73ADEE-884C-8094-A0F1-9192C16B8350}.Release|Any CPU.Build.0 = Release|Any CPU
		{859EDBA8-25BE-6E11-A35E-1BA43C45A7F8}.Debug|Any CPU.ActiveCfg = Debug|Any CPU
		{859EDBA8-25BE-6E11-A35E-1BA43C45A7F8}.Debug|Any CPU.Build.0 = Debug|Any CPU
		{859EDBA8-25BE-6E11-A35E-1BA43C45A7F8}.Release|Any CPU.ActiveCfg = Release|Any CPU
		{859EDBA8-25BE-6E11-A35E-1BA43C45A7F8}.Release|Any CPU.Build.0 = Release|Any CPU
		{6390F766-1B68-C733-1D84-1CBDC1B60069}.Debug|Any CPU.ActiveCfg = Debug|Any CPU
		{6390F766-1B68-C733-1D84-1CBDC1B60069}.Debug|Any CPU.Build.0 = Debug|Any CPU
		{6390F766-1B68-C733-1D84-1CBDC1B60069}.Release|Any CPU.ActiveCfg = Release|Any CPU
		{6390F766-1B68-C733-1D84-1CBDC1B60069}.Release|Any CPU.Build.0 = Release|Any CPU
		{EB7C2929-7D14-20DE-3F7B-CD1D4C986F13}.Debug|Any CPU.ActiveCfg = Debug|Any CPU
		{EB7C2929-7D14-20DE-3F7B-CD1D4C986F13}.Debug|Any CPU.Build.0 = Debug|Any CPU
		{EB7C2929-7D14-20DE-3F7B-CD1D4C986F13}.Release|Any CPU.ActiveCfg = Release|Any CPU
		{EB7C2929-7D14-20DE-3F7B-CD1D4C986F13}.Release|Any CPU.Build.0 = Release|Any CPU
		{1661F211-FEF8-E24B-697E-0DA86BC9FF9E}.Debug|Any CPU.ActiveCfg = Debug|Any CPU
		{1661F211-FEF8-E24B-697E-0DA86BC9FF9E}.Debug|Any CPU.Build.0 = Debug|Any CPU
		{1661F211-FEF8-E24B-697E-0DA86BC9FF9E}.Release|Any CPU.ActiveCfg = Release|Any CPU
		{1661F211-FEF8-E24B-697E-0DA86BC9FF9E}.Release|Any CPU.Build.0 = Release|Any CPU
		{97CC97D8-80C3-AC4A-5FE2-BD71769C42B7}.Debug|Any CPU.ActiveCfg = Debug|Any CPU
		{97CC97D8-80C3-AC4A-5FE2-BD71769C42B7}.Debug|Any CPU.Build.0 = Debug|Any CPU
		{97CC97D8-80C3-AC4A-5FE2-BD71769C42B7}.Release|Any CPU.ActiveCfg = Release|Any CPU
		{97CC97D8-80C3-AC4A-5FE2-BD71769C42B7}.Release|Any CPU.Build.0 = Release|Any CPU
		{7929D110-55DB-6EC6-A076-AB600029DE3A}.Debug|Any CPU.ActiveCfg = Debug|Any CPU
		{7929D110-55DB-6EC6-A076-AB600029DE3A}.Debug|Any CPU.Build.0 = Debug|Any CPU
		{7929D110-55DB-6EC6-A076-AB600029DE3A}.Release|Any CPU.ActiveCfg = Release|Any CPU
		{7929D110-55DB-6EC6-A076-AB600029DE3A}.Release|Any CPU.Build.0 = Release|Any CPU
		{90DFBBCB-662B-158B-6294-56C6056EDD47}.Debug|Any CPU.ActiveCfg = Debug|Any CPU
		{90DFBBCB-662B-158B-6294-56C6056EDD47}.Debug|Any CPU.Build.0 = Debug|Any CPU
		{90DFBBCB-662B-158B-6294-56C6056EDD47}.Release|Any CPU.ActiveCfg = Release|Any CPU
		{90DFBBCB-662B-158B-6294-56C6056EDD47}.Release|Any CPU.Build.0 = Release|Any CPU
		{DAFBCAA3-F917-EA82-857D-162754E2EF8D}.Debug|Any CPU.ActiveCfg = Debug|Any CPU
		{DAFBCAA3-F917-EA82-857D-162754E2EF8D}.Debug|Any CPU.Build.0 = Debug|Any CPU
		{DAFBCAA3-F917-EA82-857D-162754E2EF8D}.Release|Any CPU.ActiveCfg = Release|Any CPU
		{DAFBCAA3-F917-EA82-857D-162754E2EF8D}.Release|Any CPU.Build.0 = Release|Any CPU
		{E04781CF-28A1-F2F8-E2F3-CBD79D0C7B54}.Debug|Any CPU.ActiveCfg = Debug|Any CPU
		{E04781CF-28A1-F2F8-E2F3-CBD79D0C7B54}.Debug|Any CPU.Build.0 = Debug|Any CPU
		{E04781CF-28A1-F2F8-E2F3-CBD79D0C7B54}.Release|Any CPU.ActiveCfg = Release|Any CPU
		{E04781CF-28A1-F2F8-E2F3-CBD79D0C7B54}.Release|Any CPU.Build.0 = Release|Any CPU
		{320909E7-20AC-D4C4-F42E-A540F068F5FD}.Debug|Any CPU.ActiveCfg = Debug|Any CPU
		{320909E7-20AC-D4C4-F42E-A540F068F5FD}.Debug|Any CPU.Build.0 = Debug|Any CPU
		{320909E7-20AC-D4C4-F42E-A540F068F5FD}.Release|Any CPU.ActiveCfg = Release|Any CPU
		{320909E7-20AC-D4C4-F42E-A540F068F5FD}.Release|Any CPU.Build.0 = Release|Any CPU
		{8167CB4C-246D-6081-1E31-5669DA7B9377}.Debug|Any CPU.ActiveCfg = Debug|Any CPU
		{8167CB4C-246D-6081-1E31-5669DA7B9377}.Debug|Any CPU.Build.0 = Debug|Any CPU
		{8167CB4C-246D-6081-1E31-5669DA7B9377}.Release|Any CPU.ActiveCfg = Release|Any CPU
		{8167CB4C-246D-6081-1E31-5669DA7B9377}.Release|Any CPU.Build.0 = Release|Any CPU
		{CE83F90D-E9B6-8188-6EC6-88FA325C7674}.Debug|Any CPU.ActiveCfg = Debug|Any CPU
		{CE83F90D-E9B6-8188-6EC6-88FA325C7674}.Debug|Any CPU.Build.0 = Debug|Any CPU
		{CE83F90D-E9B6-8188-6EC6-88FA325C7674}.Release|Any CPU.ActiveCfg = Release|Any CPU
		{CE83F90D-E9B6-8188-6EC6-88FA325C7674}.Release|Any CPU.Build.0 = Release|Any CPU
		{91364A84-21DF-B373-0A9D-8C72891A58E8}.Debug|Any CPU.ActiveCfg = Debug|Any CPU
		{91364A84-21DF-B373-0A9D-8C72891A58E8}.Debug|Any CPU.Build.0 = Debug|Any CPU
		{91364A84-21DF-B373-0A9D-8C72891A58E8}.Release|Any CPU.ActiveCfg = Release|Any CPU
		{91364A84-21DF-B373-0A9D-8C72891A58E8}.Release|Any CPU.Build.0 = Release|Any CPU
		{6508BE91-494E-CFBE-889F-64DC4AC78CA1}.Debug|Any CPU.ActiveCfg = Debug|Any CPU
		{6508BE91-494E-CFBE-889F-64DC4AC78CA1}.Debug|Any CPU.Build.0 = Debug|Any CPU
		{6508BE91-494E-CFBE-889F-64DC4AC78CA1}.Release|Any CPU.ActiveCfg = Release|Any CPU
		{6508BE91-494E-CFBE-889F-64DC4AC78CA1}.Release|Any CPU.Build.0 = Release|Any CPU
		{113C2D6B-8719-9279-6877-66825790DB98}.Debug|Any CPU.ActiveCfg = Debug|Any CPU
		{113C2D6B-8719-9279-6877-66825790DB98}.Debug|Any CPU.Build.0 = Debug|Any CPU
		{113C2D6B-8719-9279-6877-66825790DB98}.Release|Any CPU.ActiveCfg = Release|Any CPU
		{113C2D6B-8719-9279-6877-66825790DB98}.Release|Any CPU.Build.0 = Release|Any CPU
		{FFD8B801-F740-5537-3A1C-FD7117323E82}.Debug|Any CPU.ActiveCfg = Debug|Any CPU
		{FFD8B801-F740-5537-3A1C-FD7117323E82}.Debug|Any CPU.Build.0 = Debug|Any CPU
		{FFD8B801-F740-5537-3A1C-FD7117323E82}.Release|Any CPU.ActiveCfg = Release|Any CPU
		{FFD8B801-F740-5537-3A1C-FD7117323E82}.Release|Any CPU.Build.0 = Release|Any CPU
		{93AFBD16-7E89-D19B-2201-F698F14E7972}.Debug|Any CPU.ActiveCfg = Debug|Any CPU
		{93AFBD16-7E89-D19B-2201-F698F14E7972}.Debug|Any CPU.Build.0 = Debug|Any CPU
		{93AFBD16-7E89-D19B-2201-F698F14E7972}.Release|Any CPU.ActiveCfg = Release|Any CPU
		{93AFBD16-7E89-D19B-2201-F698F14E7972}.Release|Any CPU.Build.0 = Release|Any CPU
		{67DA39B3-EE77-DA23-D3F2-55762B3E63D4}.Debug|Any CPU.ActiveCfg = Debug|Any CPU
		{67DA39B3-EE77-DA23-D3F2-55762B3E63D4}.Debug|Any CPU.Build.0 = Debug|Any CPU
		{67DA39B3-EE77-DA23-D3F2-55762B3E63D4}.Release|Any CPU.ActiveCfg = Release|Any CPU
		{67DA39B3-EE77-DA23-D3F2-55762B3E63D4}.Release|Any CPU.Build.0 = Release|Any CPU
		{72774488-5AB2-5CE5-8F50-6CC2E3529BC4}.Debug|Any CPU.ActiveCfg = Debug|Any CPU
		{72774488-5AB2-5CE5-8F50-6CC2E3529BC4}.Debug|Any CPU.Build.0 = Debug|Any CPU
		{72774488-5AB2-5CE5-8F50-6CC2E3529BC4}.Release|Any CPU.ActiveCfg = Release|Any CPU
		{72774488-5AB2-5CE5-8F50-6CC2E3529BC4}.Release|Any CPU.Build.0 = Release|Any CPU
		{1CC25B51-2DF2-E52C-E12E-82F0E147EB4C}.Debug|Any CPU.ActiveCfg = Debug|Any CPU
		{1CC25B51-2DF2-E52C-E12E-82F0E147EB4C}.Debug|Any CPU.Build.0 = Debug|Any CPU
		{1CC25B51-2DF2-E52C-E12E-82F0E147EB4C}.Release|Any CPU.ActiveCfg = Release|Any CPU
		{1CC25B51-2DF2-E52C-E12E-82F0E147EB4C}.Release|Any CPU.Build.0 = Release|Any CPU
		{75B8DC14-5BD1-5607-3EC0-23DA58084ED1}.Debug|Any CPU.ActiveCfg = Debug|Any CPU
		{75B8DC14-5BD1-5607-3EC0-23DA58084ED1}.Debug|Any CPU.Build.0 = Debug|Any CPU
		{75B8DC14-5BD1-5607-3EC0-23DA58084ED1}.Release|Any CPU.ActiveCfg = Release|Any CPU
		{75B8DC14-5BD1-5607-3EC0-23DA58084ED1}.Release|Any CPU.Build.0 = Release|Any CPU
		{E49B9B29-D977-EA76-0C00-888268423026}.Debug|Any CPU.ActiveCfg = Debug|Any CPU
		{E49B9B29-D977-EA76-0C00-888268423026}.Debug|Any CPU.Build.0 = Debug|Any CPU
		{E49B9B29-D977-EA76-0C00-888268423026}.Release|Any CPU.ActiveCfg = Release|Any CPU
		{E49B9B29-D977-EA76-0C00-888268423026}.Release|Any CPU.Build.0 = Release|Any CPU
		{40AA96A5-A1EF-12DE-DD4B-2BC40C6256DF}.Debug|Any CPU.ActiveCfg = Debug|Any CPU
		{40AA96A5-A1EF-12DE-DD4B-2BC40C6256DF}.Debug|Any CPU.Build.0 = Debug|Any CPU
		{40AA96A5-A1EF-12DE-DD4B-2BC40C6256DF}.Release|Any CPU.ActiveCfg = Release|Any CPU
		{40AA96A5-A1EF-12DE-DD4B-2BC40C6256DF}.Release|Any CPU.Build.0 = Release|Any CPU
		{853B7017-3C39-654D-69CB-DB946A1F148E}.Debug|Any CPU.ActiveCfg = Debug|Any CPU
		{853B7017-3C39-654D-69CB-DB946A1F148E}.Debug|Any CPU.Build.0 = Debug|Any CPU
		{853B7017-3C39-654D-69CB-DB946A1F148E}.Release|Any CPU.ActiveCfg = Release|Any CPU
		{853B7017-3C39-654D-69CB-DB946A1F148E}.Release|Any CPU.Build.0 = Release|Any CPU
		{E4E24B17-656B-BB3F-607B-FA4ED2C3B7C3}.Debug|Any CPU.ActiveCfg = Debug|Any CPU
		{E4E24B17-656B-BB3F-607B-FA4ED2C3B7C3}.Debug|Any CPU.Build.0 = Debug|Any CPU
		{E4E24B17-656B-BB3F-607B-FA4ED2C3B7C3}.Release|Any CPU.ActiveCfg = Release|Any CPU
		{E4E24B17-656B-BB3F-607B-FA4ED2C3B7C3}.Release|Any CPU.Build.0 = Release|Any CPU
		{85A24FA9-617D-7457-986A-4C718AB508C1}.Debug|Any CPU.ActiveCfg = Debug|Any CPU
		{85A24FA9-617D-7457-986A-4C718AB508C1}.Debug|Any CPU.Build.0 = Debug|Any CPU
		{85A24FA9-617D-7457-986A-4C718AB508C1}.Release|Any CPU.ActiveCfg = Release|Any CPU
		{85A24FA9-617D-7457-986A-4C718AB508C1}.Release|Any CPU.Build.0 = Release|Any CPU
		{5A5961B8-0197-0F92-43E8-F9804B7222E4}.Debug|Any CPU.ActiveCfg = Debug|Any CPU
		{5A5961B8-0197-0F92-43E8-F9804B7222E4}.Debug|Any CPU.Build.0 = Debug|Any CPU
		{5A5961B8-0197-0F92-43E8-F9804B7222E4}.Release|Any CPU.ActiveCfg = Release|Any CPU
		{5A5961B8-0197-0F92-43E8-F9804B7222E4}.Release|Any CPU.Build.0 = Release|Any CPU
		{F65F7481-40D3-4A38-A042-D34783FE7AEC}.Debug|Any CPU.ActiveCfg = Debug|Any CPU
		{F65F7481-40D3-4A38-A042-D34783FE7AEC}.Debug|Any CPU.Build.0 = Debug|Any CPU
		{F65F7481-40D3-4A38-A042-D34783FE7AEC}.Release|Any CPU.ActiveCfg = Release|Any CPU
		{F65F7481-40D3-4A38-A042-D34783FE7AEC}.Release|Any CPU.Build.0 = Release|Any CPU
		{F08928DE-1375-DAA3-9EDD-60B6C5504A36}.Debug|Any CPU.ActiveCfg = Debug|Any CPU
		{F08928DE-1375-DAA3-9EDD-60B6C5504A36}.Debug|Any CPU.Build.0 = Debug|Any CPU
		{F08928DE-1375-DAA3-9EDD-60B6C5504A36}.Release|Any CPU.ActiveCfg = Release|Any CPU
		{F08928DE-1375-DAA3-9EDD-60B6C5504A36}.Release|Any CPU.Build.0 = Release|Any CPU
		{C64B9EFF-FE56-F2A3-96DA-DD1FC1A97B48}.Debug|Any CPU.ActiveCfg = Debug|Any CPU
		{C64B9EFF-FE56-F2A3-96DA-DD1FC1A97B48}.Debug|Any CPU.Build.0 = Debug|Any CPU
		{C64B9EFF-FE56-F2A3-96DA-DD1FC1A97B48}.Release|Any CPU.ActiveCfg = Release|Any CPU
		{C64B9EFF-FE56-F2A3-96DA-DD1FC1A97B48}.Release|Any CPU.Build.0 = Release|Any CPU
		{AECC766F-9206-ED7F-E925-E0BF036B4EE7}.Debug|Any CPU.ActiveCfg = Debug|Any CPU
		{AECC766F-9206-ED7F-E925-E0BF036B4EE7}.Debug|Any CPU.Build.0 = Debug|Any CPU
		{AECC766F-9206-ED7F-E925-E0BF036B4EE7}.Release|Any CPU.ActiveCfg = Release|Any CPU
		{AECC766F-9206-ED7F-E925-E0BF036B4EE7}.Release|Any CPU.Build.0 = Release|Any CPU
		{80A58CDA-BD9E-D69F-DF17-E4C29809BD31}.Debug|Any CPU.ActiveCfg = Debug|Any CPU
		{80A58CDA-BD9E-D69F-DF17-E4C29809BD31}.Debug|Any CPU.Build.0 = Debug|Any CPU
		{80A58CDA-BD9E-D69F-DF17-E4C29809BD31}.Release|Any CPU.ActiveCfg = Release|Any CPU
		{80A58CDA-BD9E-D69F-DF17-E4C29809BD31}.Release|Any CPU.Build.0 = Release|Any CPU
		{54A6AAB0-1F7D-9A57-DB26-E6FCB6BE8213}.Debug|Any CPU.ActiveCfg = Debug|Any CPU
		{54A6AAB0-1F7D-9A57-DB26-E6FCB6BE8213}.Debug|Any CPU.Build.0 = Debug|Any CPU
		{54A6AAB0-1F7D-9A57-DB26-E6FCB6BE8213}.Release|Any CPU.ActiveCfg = Release|Any CPU
		{54A6AAB0-1F7D-9A57-DB26-E6FCB6BE8213}.Release|Any CPU.Build.0 = Release|Any CPU
		{F72780BB-32A9-24B6-DA48-BE4EBC0ADD02}.Debug|Any CPU.ActiveCfg = Debug|Any CPU
		{F72780BB-32A9-24B6-DA48-BE4EBC0ADD02}.Debug|Any CPU.Build.0 = Debug|Any CPU
		{F72780BB-32A9-24B6-DA48-BE4EBC0ADD02}.Release|Any CPU.ActiveCfg = Release|Any CPU
		{F72780BB-32A9-24B6-DA48-BE4EBC0ADD02}.Release|Any CPU.Build.0 = Release|Any CPU
		{59D08722-1B78-AD12-3415-94EC94AD8E52}.Debug|Any CPU.ActiveCfg = Debug|Any CPU
		{59D08722-1B78-AD12-3415-94EC94AD8E52}.Debug|Any CPU.Build.0 = Debug|Any CPU
		{59D08722-1B78-AD12-3415-94EC94AD8E52}.Release|Any CPU.ActiveCfg = Release|Any CPU
		{59D08722-1B78-AD12-3415-94EC94AD8E52}.Release|Any CPU.Build.0 = Release|Any CPU
		{E0441C76-0CDE-3158-A3E7-4FEFB1C4F479}.Debug|Any CPU.ActiveCfg = Debug|Any CPU
		{E0441C76-0CDE-3158-A3E7-4FEFB1C4F479}.Debug|Any CPU.Build.0 = Debug|Any CPU
		{E0441C76-0CDE-3158-A3E7-4FEFB1C4F479}.Release|Any CPU.ActiveCfg = Release|Any CPU
		{E0441C76-0CDE-3158-A3E7-4FEFB1C4F479}.Release|Any CPU.Build.0 = Release|Any CPU
		{26DA99B3-1710-AA22-0150-BCF8E520E4D5}.Debug|Any CPU.ActiveCfg = Debug|Any CPU
		{26DA99B3-1710-AA22-0150-BCF8E520E4D5}.Debug|Any CPU.Build.0 = Debug|Any CPU
		{26DA99B3-1710-AA22-0150-BCF8E520E4D5}.Release|Any CPU.ActiveCfg = Release|Any CPU
		{26DA99B3-1710-AA22-0150-BCF8E520E4D5}.Release|Any CPU.Build.0 = Release|Any CPU
		{CFAD7207-4FB8-5C13-33FD-7C53671925BC}.Debug|Any CPU.ActiveCfg = Debug|Any CPU
		{CFAD7207-4FB8-5C13-33FD-7C53671925BC}.Debug|Any CPU.Build.0 = Debug|Any CPU
		{CFAD7207-4FB8-5C13-33FD-7C53671925BC}.Release|Any CPU.ActiveCfg = Release|Any CPU
		{CFAD7207-4FB8-5C13-33FD-7C53671925BC}.Release|Any CPU.Build.0 = Release|Any CPU
		{CB3C4FFC-9527-2CC4-66AD-59BDED0DF41D}.Debug|Any CPU.ActiveCfg = Debug|Any CPU
		{CB3C4FFC-9527-2CC4-66AD-59BDED0DF41D}.Debug|Any CPU.Build.0 = Debug|Any CPU
		{CB3C4FFC-9527-2CC4-66AD-59BDED0DF41D}.Release|Any CPU.ActiveCfg = Release|Any CPU
		{CB3C4FFC-9527-2CC4-66AD-59BDED0DF41D}.Release|Any CPU.Build.0 = Release|Any CPU
	EndGlobalSection
	GlobalSection(SolutionProperties) = preSolution
		HideSolutionNode = FALSE
	EndGlobalSection
EndGlobal
